// !$*UTF8*$!
{
	archiveVersion = 1;
	classes = {
	};
	objectVersion = 46;
	objects = {

/* Begin PBXBuildFile section */
		2A55F3A619516C610089007C /* NCITapestryController.m in Sources */ = {isa = PBXBuildFile; fileRef = 2A55F3A519516C610089007C /* NCITapestryController.m */; };
		2A55F3AC195181880089007C /* NCIConstants.m in Sources */ = {isa = PBXBuildFile; fileRef = 2A55F3AB195181880089007C /* NCIConstants.m */; };
		2A55F3B619519A730089007C /* www in Resources */ = {isa = PBXBuildFile; fileRef = 2A55F3B519519A730089007C /* www */; };
		2A965E9A1950C320002A2B63 /* Foundation.framework in Frameworks */ = {isa = PBXBuildFile; fileRef = 2A965E991950C320002A2B63 /* Foundation.framework */; };
		2A965E9C1950C320002A2B63 /* CoreGraphics.framework in Frameworks */ = {isa = PBXBuildFile; fileRef = 2A965E9B1950C320002A2B63 /* CoreGraphics.framework */; };
		2A965E9E1950C320002A2B63 /* UIKit.framework in Frameworks */ = {isa = PBXBuildFile; fileRef = 2A965E9D1950C320002A2B63 /* UIKit.framework */; };
		2A965EA41950C320002A2B63 /* InfoPlist.strings in Resources */ = {isa = PBXBuildFile; fileRef = 2A965EA21950C320002A2B63 /* InfoPlist.strings */; };
		2A965EA61950C320002A2B63 /* main.m in Sources */ = {isa = PBXBuildFile; fileRef = 2A965EA51950C320002A2B63 /* main.m */; };
		2A965EAA1950C320002A2B63 /* NCIAppDelegate.m in Sources */ = {isa = PBXBuildFile; fileRef = 2A965EA91950C320002A2B63 /* NCIAppDelegate.m */; };
		2A965EAC1950C320002A2B63 /* Images.xcassets in Resources */ = {isa = PBXBuildFile; fileRef = 2A965EAB1950C320002A2B63 /* Images.xcassets */; };
		2A965EB31950C320002A2B63 /* XCTest.framework in Frameworks */ = {isa = PBXBuildFile; fileRef = 2A965EB21950C320002A2B63 /* XCTest.framework */; };
		2A965EB41950C320002A2B63 /* Foundation.framework in Frameworks */ = {isa = PBXBuildFile; fileRef = 2A965E991950C320002A2B63 /* Foundation.framework */; };
		2A965EB51950C320002A2B63 /* UIKit.framework in Frameworks */ = {isa = PBXBuildFile; fileRef = 2A965E9D1950C320002A2B63 /* UIKit.framework */; };
		2A965EBD1950C320002A2B63 /* InfoPlist.strings in Resources */ = {isa = PBXBuildFile; fileRef = 2A965EBB1950C320002A2B63 /* InfoPlist.strings */; };
		2A965EBF1950C320002A2B63 /* TapestryTests.m in Sources */ = {isa = PBXBuildFile; fileRef = 2A965EBE1950C320002A2B63 /* TapestryTests.m */; };
/* End PBXBuildFile section */

/* Begin PBXContainerItemProxy section */
		2A965EB61950C320002A2B63 /* PBXContainerItemProxy */ = {
			isa = PBXContainerItemProxy;
			containerPortal = 2A965E8E1950C320002A2B63 /* Project object */;
			proxyType = 1;
			remoteGlobalIDString = 2A965E951950C320002A2B63;
			remoteInfo = Tapestry;
		};
/* End PBXContainerItemProxy section */

/* Begin PBXFileReference section */
		2A55F3A419516C610089007C /* NCITapestryController.h */ = {isa = PBXFileReference; fileEncoding = 4; lastKnownFileType = sourcecode.c.h; path = NCITapestryController.h; sourceTree = "<group>"; };
		2A55F3A519516C610089007C /* NCITapestryController.m */ = {isa = PBXFileReference; fileEncoding = 4; lastKnownFileType = sourcecode.c.objc; path = NCITapestryController.m; sourceTree = "<group>"; };
		2A55F3AA195181880089007C /* NCIConstants.h */ = {isa = PBXFileReference; fileEncoding = 4; lastKnownFileType = sourcecode.c.h; path = NCIConstants.h; sourceTree = "<group>"; };
		2A55F3AB195181880089007C /* NCIConstants.m */ = {isa = PBXFileReference; fileEncoding = 4; lastKnownFileType = sourcecode.c.objc; path = NCIConstants.m; sourceTree = "<group>"; };
		2A55F3B519519A730089007C /* www */ = {isa = PBXFileReference; lastKnownFileType = folder; name = www; path = Tapestry/www; sourceTree = "<group>"; };
		2A965E961950C320002A2B63 /* Tapestry.app */ = {isa = PBXFileReference; explicitFileType = wrapper.application; includeInIndex = 0; path = Tapestry.app; sourceTree = BUILT_PRODUCTS_DIR; };
		2A965E991950C320002A2B63 /* Foundation.framework */ = {isa = PBXFileReference; lastKnownFileType = wrapper.framework; name = Foundation.framework; path = System/Library/Frameworks/Foundation.framework; sourceTree = SDKROOT; };
		2A965E9B1950C320002A2B63 /* CoreGraphics.framework */ = {isa = PBXFileReference; lastKnownFileType = wrapper.framework; name = CoreGraphics.framework; path = System/Library/Frameworks/CoreGraphics.framework; sourceTree = SDKROOT; };
		2A965E9D1950C320002A2B63 /* UIKit.framework */ = {isa = PBXFileReference; lastKnownFileType = wrapper.framework; name = UIKit.framework; path = System/Library/Frameworks/UIKit.framework; sourceTree = SDKROOT; };
		2A965EA11950C320002A2B63 /* Tapestry-Info.plist */ = {isa = PBXFileReference; lastKnownFileType = text.plist.xml; path = "Tapestry-Info.plist"; sourceTree = "<group>"; };
		2A965EA31950C320002A2B63 /* en */ = {isa = PBXFileReference; lastKnownFileType = text.plist.strings; name = en; path = en.lproj/InfoPlist.strings; sourceTree = "<group>"; };
		2A965EA51950C320002A2B63 /* main.m */ = {isa = PBXFileReference; lastKnownFileType = sourcecode.c.objc; path = main.m; sourceTree = "<group>"; };
		2A965EA71950C320002A2B63 /* Tapestry-Prefix.pch */ = {isa = PBXFileReference; lastKnownFileType = sourcecode.c.h; path = "Tapestry-Prefix.pch"; sourceTree = "<group>"; };
		2A965EA81950C320002A2B63 /* NCIAppDelegate.h */ = {isa = PBXFileReference; lastKnownFileType = sourcecode.c.h; path = NCIAppDelegate.h; sourceTree = "<group>"; };
		2A965EA91950C320002A2B63 /* NCIAppDelegate.m */ = {isa = PBXFileReference; lastKnownFileType = sourcecode.c.objc; path = NCIAppDelegate.m; sourceTree = "<group>"; };
		2A965EAB1950C320002A2B63 /* Images.xcassets */ = {isa = PBXFileReference; lastKnownFileType = folder.assetcatalog; path = Images.xcassets; sourceTree = "<group>"; };
		2A965EB11950C320002A2B63 /* TapestryTests.xctest */ = {isa = PBXFileReference; explicitFileType = wrapper.cfbundle; includeInIndex = 0; path = TapestryTests.xctest; sourceTree = BUILT_PRODUCTS_DIR; };
		2A965EB21950C320002A2B63 /* XCTest.framework */ = {isa = PBXFileReference; lastKnownFileType = wrapper.framework; name = XCTest.framework; path = Library/Frameworks/XCTest.framework; sourceTree = DEVELOPER_DIR; };
		2A965EBA1950C320002A2B63 /* TapestryTests-Info.plist */ = {isa = PBXFileReference; lastKnownFileType = text.plist.xml; path = "TapestryTests-Info.plist"; sourceTree = "<group>"; };
		2A965EBC1950C320002A2B63 /* en */ = {isa = PBXFileReference; lastKnownFileType = text.plist.strings; name = en; path = en.lproj/InfoPlist.strings; sourceTree = "<group>"; };
		2A965EBE1950C320002A2B63 /* TapestryTests.m */ = {isa = PBXFileReference; lastKnownFileType = sourcecode.c.objc; path = TapestryTests.m; sourceTree = "<group>"; };
/* End PBXFileReference section */

/* Begin PBXFrameworksBuildPhase section */
		2A965E931950C320002A2B63 /* Frameworks */ = {
			isa = PBXFrameworksBuildPhase;
			buildActionMask = 2147483647;
			files = (
				2A965E9C1950C320002A2B63 /* CoreGraphics.framework in Frameworks */,
				2A965E9E1950C320002A2B63 /* UIKit.framework in Frameworks */,
				2A965E9A1950C320002A2B63 /* Foundation.framework in Frameworks */,
			);
			runOnlyForDeploymentPostprocessing = 0;
		};
		2A965EAE1950C320002A2B63 /* Frameworks */ = {
			isa = PBXFrameworksBuildPhase;
			buildActionMask = 2147483647;
			files = (
				2A965EB31950C320002A2B63 /* XCTest.framework in Frameworks */,
				2A965EB51950C320002A2B63 /* UIKit.framework in Frameworks */,
				2A965EB41950C320002A2B63 /* Foundation.framework in Frameworks */,
			);
			runOnlyForDeploymentPostprocessing = 0;
		};
/* End PBXFrameworksBuildPhase section */

/* Begin PBXGroup section */
		2A965E8D1950C320002A2B63 = {
			isa = PBXGroup;
			children = (
				2A55F3B519519A730089007C /* www */,
				2A965E9F1950C320002A2B63 /* Tapestry */,
				2A965EB81950C320002A2B63 /* TapestryTests */,
				2A965E981950C320002A2B63 /* Frameworks */,
				2A965E971950C320002A2B63 /* Products */,
			);
			sourceTree = "<group>";
		};
		2A965E971950C320002A2B63 /* Products */ = {
			isa = PBXGroup;
			children = (
				2A965E961950C320002A2B63 /* Tapestry.app */,
				2A965EB11950C320002A2B63 /* TapestryTests.xctest */,
			);
			name = Products;
			sourceTree = "<group>";
		};
		2A965E981950C320002A2B63 /* Frameworks */ = {
			isa = PBXGroup;
			children = (
				2A965E991950C320002A2B63 /* Foundation.framework */,
				2A965E9B1950C320002A2B63 /* CoreGraphics.framework */,
				2A965E9D1950C320002A2B63 /* UIKit.framework */,
				2A965EB21950C320002A2B63 /* XCTest.framework */,
			);
			name = Frameworks;
			sourceTree = "<group>";
		};
		2A965E9F1950C320002A2B63 /* Tapestry */ = {
			isa = PBXGroup;
			children = (
				2A55F3AA195181880089007C /* NCIConstants.h */,
				2A55F3AB195181880089007C /* NCIConstants.m */,
				2A965EA81950C320002A2B63 /* NCIAppDelegate.h */,
				2A965EA91950C320002A2B63 /* NCIAppDelegate.m */,
				2A55F3A419516C610089007C /* NCITapestryController.h */,
				2A55F3A519516C610089007C /* NCITapestryController.m */,
				2A965EAB1950C320002A2B63 /* Images.xcassets */,
				2A965EA01950C320002A2B63 /* Supporting Files */,
			);
			path = Tapestry;
			sourceTree = "<group>";
		};
		2A965EA01950C320002A2B63 /* Supporting Files */ = {
			isa = PBXGroup;
			children = (
				2A965EA11950C320002A2B63 /* Tapestry-Info.plist */,
				2A965EA21950C320002A2B63 /* InfoPlist.strings */,
				2A965EA51950C320002A2B63 /* main.m */,
				2A965EA71950C320002A2B63 /* Tapestry-Prefix.pch */,
			);
			name = "Supporting Files";
			sourceTree = "<group>";
		};
		2A965EB81950C320002A2B63 /* TapestryTests */ = {
			isa = PBXGroup;
			children = (
				2A965EBE1950C320002A2B63 /* TapestryTests.m */,
				2A965EB91950C320002A2B63 /* Supporting Files */,
			);
			path = TapestryTests;
			sourceTree = "<group>";
		};
		2A965EB91950C320002A2B63 /* Supporting Files */ = {
			isa = PBXGroup;
			children = (
				2A965EBA1950C320002A2B63 /* TapestryTests-Info.plist */,
				2A965EBB1950C320002A2B63 /* InfoPlist.strings */,
			);
			name = "Supporting Files";
			sourceTree = "<group>";
		};
/* End PBXGroup section */

/* Begin PBXNativeTarget section */
		2A965E951950C320002A2B63 /* Tapestry */ = {
			isa = PBXNativeTarget;
			buildConfigurationList = 2A965EC21950C320002A2B63 /* Build configuration list for PBXNativeTarget "Tapestry" */;
			buildPhases = (
				2A965E921950C320002A2B63 /* Sources */,
				2A965E931950C320002A2B63 /* Frameworks */,
				2A965E941950C320002A2B63 /* Resources */,
				2A55F3B019518EB10089007C /* ShellScript */,
			);
			buildRules = (
			);
			dependencies = (
			);
			name = Tapestry;
			productName = Tapestry;
			productReference = 2A965E961950C320002A2B63 /* Tapestry.app */;
			productType = "com.apple.product-type.application";
		};
		2A965EB01950C320002A2B63 /* TapestryTests */ = {
			isa = PBXNativeTarget;
			buildConfigurationList = 2A965EC51950C320002A2B63 /* Build configuration list for PBXNativeTarget "TapestryTests" */;
			buildPhases = (
				2A965EAD1950C320002A2B63 /* Sources */,
				2A965EAE1950C320002A2B63 /* Frameworks */,
				2A965EAF1950C320002A2B63 /* Resources */,
			);
			buildRules = (
			);
			dependencies = (
				2A965EB71950C320002A2B63 /* PBXTargetDependency */,
			);
			name = TapestryTests;
			productName = TapestryTests;
			productReference = 2A965EB11950C320002A2B63 /* TapestryTests.xctest */;
			productType = "com.apple.product-type.bundle.unit-test";
		};
/* End PBXNativeTarget section */

/* Begin PBXProject section */
		2A965E8E1950C320002A2B63 /* Project object */ = {
			isa = PBXProject;
			attributes = {
				CLASSPREFIX = NCI;
				LastUpgradeCheck = 0510;
				ORGANIZATIONNAME = Ira;
				TargetAttributes = {
					2A965EB01950C320002A2B63 = {
						TestTargetID = 2A965E951950C320002A2B63;
					};
				};
			};
			buildConfigurationList = 2A965E911950C320002A2B63 /* Build configuration list for PBXProject "Tapestry" */;
			compatibilityVersion = "Xcode 3.2";
			developmentRegion = English;
			hasScannedForEncodings = 0;
			knownRegions = (
				en,
			);
			mainGroup = 2A965E8D1950C320002A2B63;
			productRefGroup = 2A965E971950C320002A2B63 /* Products */;
			projectDirPath = "";
			projectRoot = "";
			targets = (
				2A965E951950C320002A2B63 /* Tapestry */,
				2A965EB01950C320002A2B63 /* TapestryTests */,
			);
		};
/* End PBXProject section */

/* Begin PBXResourcesBuildPhase section */
		2A965E941950C320002A2B63 /* Resources */ = {
			isa = PBXResourcesBuildPhase;
			buildActionMask = 2147483647;
			files = (
				2A55F3B619519A730089007C /* www in Resources */,
				2A965EA41950C320002A2B63 /* InfoPlist.strings in Resources */,
				2A965EAC1950C320002A2B63 /* Images.xcassets in Resources */,
			);
			runOnlyForDeploymentPostprocessing = 0;
		};
		2A965EAF1950C320002A2B63 /* Resources */ = {
			isa = PBXResourcesBuildPhase;
			buildActionMask = 2147483647;
			files = (
				2A965EBD1950C320002A2B63 /* InfoPlist.strings in Resources */,
			);
			runOnlyForDeploymentPostprocessing = 0;
		};
/* End PBXResourcesBuildPhase section */

/* Begin PBXShellScriptBuildPhase section */
		2A55F3B019518EB10089007C /* ShellScript */ = {
			isa = PBXShellScriptBuildPhase;
			buildActionMask = 2147483647;
			files = (
			);
			inputPaths = (
			);
			outputPaths = (
			);
			runOnlyForDeploymentPostprocessing = 0;
			shellPath = /bin/sh;
			shellScript = "cp -rf ../../../../apps/tapestry/priv/www/ Tapestry/www/";
		};
/* End PBXShellScriptBuildPhase section */

/* Begin PBXSourcesBuildPhase section */
		2A965E921950C320002A2B63 /* Sources */ = {
			isa = PBXSourcesBuildPhase;
			buildActionMask = 2147483647;
			files = (
				2A55F3AC195181880089007C /* NCIConstants.m in Sources */,
				2A965EA61950C320002A2B63 /* main.m in Sources */,
				2A55F3A619516C610089007C /* NCITapestryController.m in Sources */,
				2A965EAA1950C320002A2B63 /* NCIAppDelegate.m in Sources */,
			);
			runOnlyForDeploymentPostprocessing = 0;
		};
		2A965EAD1950C320002A2B63 /* Sources */ = {
			isa = PBXSourcesBuildPhase;
			buildActionMask = 2147483647;
			files = (
				2A965EBF1950C320002A2B63 /* TapestryTests.m in Sources */,
			);
			runOnlyForDeploymentPostprocessing = 0;
		};
/* End PBXSourcesBuildPhase section */

/* Begin PBXTargetDependency section */
		2A965EB71950C320002A2B63 /* PBXTargetDependency */ = {
			isa = PBXTargetDependency;
			target = 2A965E951950C320002A2B63 /* Tapestry */;
			targetProxy = 2A965EB61950C320002A2B63 /* PBXContainerItemProxy */;
		};
/* End PBXTargetDependency section */

/* Begin PBXVariantGroup section */
		2A965EA21950C320002A2B63 /* InfoPlist.strings */ = {
			isa = PBXVariantGroup;
			children = (
				2A965EA31950C320002A2B63 /* en */,
			);
			name = InfoPlist.strings;
			sourceTree = "<group>";
		};
		2A965EBB1950C320002A2B63 /* InfoPlist.strings */ = {
			isa = PBXVariantGroup;
			children = (
				2A965EBC1950C320002A2B63 /* en */,
			);
			name = InfoPlist.strings;
			sourceTree = "<group>";
		};
/* End PBXVariantGroup section */

/* Begin XCBuildConfiguration section */
		2A965EC01950C320002A2B63 /* Debug */ = {
			isa = XCBuildConfiguration;
			buildSettings = {
				ALWAYS_SEARCH_USER_PATHS = NO;
				CLANG_CXX_LANGUAGE_STANDARD = "gnu++0x";
				CLANG_CXX_LIBRARY = "libc++";
				CLANG_ENABLE_MODULES = YES;
				CLANG_ENABLE_OBJC_ARC = YES;
				CLANG_WARN_BOOL_CONVERSION = YES;
				CLANG_WARN_CONSTANT_CONVERSION = YES;
				CLANG_WARN_DIRECT_OBJC_ISA_USAGE = YES_ERROR;
				CLANG_WARN_EMPTY_BODY = YES;
				CLANG_WARN_ENUM_CONVERSION = YES;
				CLANG_WARN_INT_CONVERSION = YES;
				CLANG_WARN_OBJC_ROOT_CLASS = YES_ERROR;
				CLANG_WARN__DUPLICATE_METHOD_MATCH = YES;
				"CODE_SIGN_IDENTITY[sdk=iphoneos*]" = "iPhone Developer";
				COPY_PHASE_STRIP = NO;
				GCC_C_LANGUAGE_STANDARD = gnu99;
				GCC_DYNAMIC_NO_PIC = NO;
				GCC_OPTIMIZATION_LEVEL = 0;
				GCC_PREPROCESSOR_DEFINITIONS = (
					"DEBUG=1",
					"$(inherited)",
				);
				GCC_SYMBOLS_PRIVATE_EXTERN = NO;
				GCC_WARN_64_TO_32_BIT_CONVERSION = YES;
				GCC_WARN_ABOUT_RETURN_TYPE = YES_ERROR;
				GCC_WARN_UNDECLARED_SELECTOR = YES;
				GCC_WARN_UNINITIALIZED_AUTOS = YES_AGGRESSIVE;
				GCC_WARN_UNUSED_FUNCTION = YES;
				GCC_WARN_UNUSED_VARIABLE = YES;
				IPHONEOS_DEPLOYMENT_TARGET = 7.1;
				ONLY_ACTIVE_ARCH = YES;
				SDKROOT = iphoneos;
				TARGETED_DEVICE_FAMILY = 2;
			};
			name = Debug;
		};
		2A965EC11950C320002A2B63 /* Release */ = {
			isa = XCBuildConfiguration;
			buildSettings = {
				ALWAYS_SEARCH_USER_PATHS = NO;
				CLANG_CXX_LANGUAGE_STANDARD = "gnu++0x";
				CLANG_CXX_LIBRARY = "libc++";
				CLANG_ENABLE_MODULES = YES;
				CLANG_ENABLE_OBJC_ARC = YES;
				CLANG_WARN_BOOL_CONVERSION = YES;
				CLANG_WARN_CONSTANT_CONVERSION = YES;
				CLANG_WARN_DIRECT_OBJC_ISA_USAGE = YES_ERROR;
				CLANG_WARN_EMPTY_BODY = YES;
				CLANG_WARN_ENUM_CONVERSION = YES;
				CLANG_WARN_INT_CONVERSION = YES;
				CLANG_WARN_OBJC_ROOT_CLASS = YES_ERROR;
				CLANG_WARN__DUPLICATE_METHOD_MATCH = YES;
				"CODE_SIGN_IDENTITY[sdk=iphoneos*]" = "iPhone Developer";
				COPY_PHASE_STRIP = YES;
				ENABLE_NS_ASSERTIONS = NO;
				GCC_C_LANGUAGE_STANDARD = gnu99;
				GCC_WARN_64_TO_32_BIT_CONVERSION = YES;
				GCC_WARN_ABOUT_RETURN_TYPE = YES_ERROR;
				GCC_WARN_UNDECLARED_SELECTOR = YES;
				GCC_WARN_UNINITIALIZED_AUTOS = YES_AGGRESSIVE;
				GCC_WARN_UNUSED_FUNCTION = YES;
				GCC_WARN_UNUSED_VARIABLE = YES;
				IPHONEOS_DEPLOYMENT_TARGET = 7.1;
				SDKROOT = iphoneos;
				TARGETED_DEVICE_FAMILY = 2;
				VALIDATE_PRODUCT = YES;
			};
			name = Release;
		};
		2A965EC31950C320002A2B63 /* Debug */ = {
			isa = XCBuildConfiguration;
			buildSettings = {
				ASSETCATALOG_COMPILER_APPICON_NAME = AppIcon;
				ASSETCATALOG_COMPILER_LAUNCHIMAGE_NAME = LaunchImage;
				GCC_PRECOMPILE_PREFIX_HEADER = YES;
				GCC_PREFIX_HEADER = "Tapestry/Tapestry-Prefix.pch";
				INFOPLIST_FILE = "Tapestry/Tapestry-Info.plist";
				PRODUCT_NAME = "$(TARGET_NAME)";
				WRAPPER_EXTENSION = app;
			};
			name = Debug;
		};
		2A965EC41950C320002A2B63 /* Release */ = {
			isa = XCBuildConfiguration;
			buildSettings = {
				ASSETCATALOG_COMPILER_APPICON_NAME = AppIcon;
				ASSETCATALOG_COMPILER_LAUNCHIMAGE_NAME = LaunchImage;
				GCC_PRECOMPILE_PREFIX_HEADER = YES;
				GCC_PREFIX_HEADER = "Tapestry/Tapestry-Prefix.pch";
				INFOPLIST_FILE = "Tapestry/Tapestry-Info.plist";
				PRODUCT_NAME = "$(TARGET_NAME)";
				WRAPPER_EXTENSION = app;
			};
			name = Release;
		};
		2A965EC61950C320002A2B63 /* Debug */ = {
			isa = XCBuildConfiguration;
			buildSettings = {
				BUNDLE_LOADER = "$(BUILT_PRODUCTS_DIR)/Tapestry.app/Tapestry";
				FRAMEWORK_SEARCH_PATHS = (
					"$(SDKROOT)/Developer/Library/Frameworks",
					"$(inherited)",
					"$(DEVELOPER_FRAMEWORKS_DIR)",
				);
				GCC_PRECOMPILE_PREFIX_HEADER = YES;
				GCC_PREFIX_HEADER = "Tapestry/Tapestry-Prefix.pch";
				GCC_PREPROCESSOR_DEFINITIONS = (
					"DEBUG=1",
					"$(inherited)",
				);
				INFOPLIST_FILE = "TapestryTests/TapestryTests-Info.plist";
				PRODUCT_NAME = "$(TARGET_NAME)";
				TEST_HOST = "$(BUNDLE_LOADER)";
				WRAPPER_EXTENSION = xctest;
			};
			name = Debug;
		};
		2A965EC71950C320002A2B63 /* Release */ = {
			isa = XCBuildConfiguration;
			buildSettings = {
				BUNDLE_LOADER = "$(BUILT_PRODUCTS_DIR)/Tapestry.app/Tapestry";
				FRAMEWORK_SEARCH_PATHS = (
					"$(SDKROOT)/Developer/Library/Frameworks",
					"$(inherited)",
					"$(DEVELOPER_FRAMEWORKS_DIR)",
				);
				GCC_PRECOMPILE_PREFIX_HEADER = YES;
				GCC_PREFIX_HEADER = "Tapestry/Tapestry-Prefix.pch";
				INFOPLIST_FILE = "TapestryTests/TapestryTests-Info.plist";
				PRODUCT_NAME = "$(TARGET_NAME)";
				TEST_HOST = "$(BUNDLE_LOADER)";
				WRAPPER_EXTENSION = xctest;
			};
			name = Release;
		};
/* End XCBuildConfiguration section */

/* Begin XCConfigurationList section */
		2A965E911950C320002A2B63 /* Build configuration list for PBXProject "Tapestry" */ = {
			isa = XCConfigurationList;
			buildConfigurations = (
				2A965EC01950C320002A2B63 /* Debug */,
				2A965EC11950C320002A2B63 /* Release */,
			);
			defaultConfigurationIsVisible = 0;
			defaultConfigurationName = Release;
		};
		2A965EC21950C320002A2B63 /* Build configuration list for PBXNativeTarget "Tapestry" */ = {
			isa = XCConfigurationList;
			buildConfigurations = (
				2A965EC31950C320002A2B63 /* Debug */,
				2A965EC41950C320002A2B63 /* Release */,
			);
			defaultConfigurationIsVisible = 0;
			defaultConfigurationName = Release;
		};
		2A965EC51950C320002A2B63 /* Build configuration list for PBXNativeTarget "TapestryTests" */ = {
			isa = XCConfigurationList;
			buildConfigurations = (
				2A965EC61950C320002A2B63 /* Debug */,
				2A965EC71950C320002A2B63 /* Release */,
			);
			defaultConfigurationIsVisible = 0;
			defaultConfigurationName = Release;
		};
/* End XCConfigurationList section */
	};
	rootObject = 2A965E8E1950C320002A2B63 /* Project object */;
}
