<?xml version="1.0" encoding="UTF-8"?>
<!DOCTYPE plist PUBLIC "-//Apple//DTD PLIST 1.0//EN" "http://www.apple.com/DTDs/PropertyList-1.0.dtd">
<plist version="1.0">
<dict>
	<key>archiveVersion</key>
	<string>1</string>
	<key>classes</key>
	<dict/>
	<key>objectVersion</key>
	<string>46</string>
	<key>objects</key>
	<dict>
		<key>031C267991044F1DB698F8C5</key>
		<dict>
			<key>buildActionMask</key>
			<string>2147483647</string>
			<key>files</key>
			<array/>
			<key>inputPaths</key>
			<array/>
			<key>isa</key>
			<string>PBXShellScriptBuildPhase</string>
			<key>name</key>
			<string>Copy Pods Resources</string>
			<key>outputPaths</key>
			<array/>
			<key>runOnlyForDeploymentPostprocessing</key>
			<string>0</string>
			<key>shellPath</key>
			<string>/bin/sh</string>
			<key>shellScript</key>
			<string>"${SRCROOT}/Pods/Pods-resources.sh"
</string>
			<key>showEnvVarsInLog</key>
			<string>0</string>
		</dict>
		<key>2AAFE53E182FA1DE007BBFEA</key>
		<dict>
			<key>children</key>
			<array>
				<string>2AAFE550182FA1DE007BBFEA</string>
				<string>2AAFE569182FA1DE007BBFEA</string>
				<string>2AAFE549182FA1DE007BBFEA</string>
				<string>2AAFE548182FA1DE007BBFEA</string>
				<string>B0D415E2262C4B2E8C4A192B</string>
			</array>
			<key>isa</key>
			<string>PBXGroup</string>
			<key>sourceTree</key>
			<string>&lt;group&gt;</string>
		</dict>
		<key>2AAFE53F182FA1DE007BBFEA</key>
		<dict>
			<key>attributes</key>
			<dict>
				<key>CLASSPREFIX</key>
				<string>NCI</string>
				<key>LastUpgradeCheck</key>
				<string>0500</string>
				<key>ORGANIZATIONNAME</key>
				<string>Truststix</string>
				<key>TargetAttributes</key>
				<dict>
					<key>2AAFE546182FA1DE007BBFEA</key>
					<dict>
						<key>DevelopmentTeam</key>
						<string>2KLYQL2BD3</string>
					</dict>
					<key>2AAFE561182FA1DE007BBFEA</key>
					<dict>
						<key>TestTargetID</key>
						<string>2AAFE546182FA1DE007BBFEA</string>
					</dict>
				</dict>
			</dict>
			<key>buildConfigurationList</key>
			<string>2AAFE542182FA1DE007BBFEA</string>
			<key>compatibilityVersion</key>
			<string>Xcode 3.2</string>
			<key>developmentRegion</key>
			<string>English</string>
			<key>hasScannedForEncodings</key>
			<string>0</string>
			<key>isa</key>
			<string>PBXProject</string>
			<key>knownRegions</key>
			<array>
				<string>en</string>
			</array>
			<key>mainGroup</key>
			<string>2AAFE53E182FA1DE007BBFEA</string>
			<key>productRefGroup</key>
			<string>2AAFE548182FA1DE007BBFEA</string>
			<key>projectDirPath</key>
			<string></string>
			<key>projectReferences</key>
			<array/>
			<key>projectRoot</key>
			<string></string>
			<key>targets</key>
			<array>
				<string>2AAFE546182FA1DE007BBFEA</string>
				<string>2AAFE561182FA1DE007BBFEA</string>
			</array>
		</dict>
		<key>2AAFE542182FA1DE007BBFEA</key>
		<dict>
			<key>buildConfigurations</key>
			<array>
				<string>2AAFE571182FA1DE007BBFEA</string>
				<string>2AAFE572182FA1DE007BBFEA</string>
			</array>
			<key>defaultConfigurationIsVisible</key>
			<string>0</string>
			<key>defaultConfigurationName</key>
			<string>Release</string>
			<key>isa</key>
			<string>XCConfigurationList</string>
		</dict>
		<key>2AAFE543182FA1DE007BBFEA</key>
		<dict>
			<key>buildActionMask</key>
			<string>2147483647</string>
			<key>files</key>
			<array>
				<string>2AAFE557182FA1DE007BBFEA</string>
				<string>2ABE3B351830CD340046A0FC</string>
				<string>2AAFE55B182FA1DE007BBFEA</string>
			</array>
			<key>isa</key>
			<string>PBXSourcesBuildPhase</string>
			<key>runOnlyForDeploymentPostprocessing</key>
			<string>0</string>
		</dict>
		<key>2AAFE544182FA1DE007BBFEA</key>
		<dict>
			<key>buildActionMask</key>
			<string>2147483647</string>
			<key>files</key>
			<array>
				<string>2AAFE54D182FA1DE007BBFEA</string>
				<string>2AAFE54F182FA1DE007BBFEA</string>
				<string>2AAFE54B182FA1DE007BBFEA</string>
				<string>B989E7ED8B4D4086A19D20D1</string>
			</array>
			<key>isa</key>
			<string>PBXFrameworksBuildPhase</string>
			<key>runOnlyForDeploymentPostprocessing</key>
			<string>0</string>
		</dict>
		<key>2AAFE545182FA1DE007BBFEA</key>
		<dict>
			<key>buildActionMask</key>
			<string>2147483647</string>
			<key>files</key>
			<array>
				<string>2AAFE555182FA1DE007BBFEA</string>
				<string>2AAFE55D182FA1DE007BBFEA</string>
			</array>
			<key>isa</key>
			<string>PBXResourcesBuildPhase</string>
			<key>runOnlyForDeploymentPostprocessing</key>
			<string>0</string>
		</dict>
		<key>2AAFE546182FA1DE007BBFEA</key>
		<dict>
			<key>buildConfigurationList</key>
			<string>2AAFE573182FA1DE007BBFEA</string>
			<key>buildPhases</key>
			<array>
				<string>A06202B79CF74FAF8FF8052A</string>
				<string>2AAFE543182FA1DE007BBFEA</string>
				<string>2AAFE544182FA1DE007BBFEA</string>
				<string>2AAFE545182FA1DE007BBFEA</string>
				<string>031C267991044F1DB698F8C5</string>
			</array>
			<key>buildRules</key>
			<array/>
			<key>dependencies</key>
			<array/>
			<key>isa</key>
			<string>PBXNativeTarget</string>
			<key>name</key>
			<string>Tapestry</string>
			<key>productName</key>
			<string>Tapestry</string>
			<key>productReference</key>
			<string>2AAFE547182FA1DE007BBFEA</string>
			<key>productType</key>
			<string>com.apple.product-type.application</string>
		</dict>
		<key>2AAFE547182FA1DE007BBFEA</key>
		<dict>
			<key>explicitFileType</key>
			<string>wrapper.application</string>
			<key>includeInIndex</key>
			<string>0</string>
			<key>isa</key>
			<string>PBXFileReference</string>
			<key>path</key>
			<string>Tapestry.app</string>
			<key>sourceTree</key>
			<string>BUILT_PRODUCTS_DIR</string>
		</dict>
		<key>2AAFE548182FA1DE007BBFEA</key>
		<dict>
			<key>children</key>
			<array>
				<string>2AAFE547182FA1DE007BBFEA</string>
				<string>2AAFE562182FA1DE007BBFEA</string>
			</array>
			<key>isa</key>
			<string>PBXGroup</string>
			<key>name</key>
			<string>Products</string>
			<key>sourceTree</key>
			<string>&lt;group&gt;</string>
		</dict>
		<key>2AAFE549182FA1DE007BBFEA</key>
		<dict>
			<key>children</key>
			<array>
				<string>2AAFE54A182FA1DE007BBFEA</string>
				<string>2AAFE54C182FA1DE007BBFEA</string>
				<string>2AAFE54E182FA1DE007BBFEA</string>
				<string>2AAFE563182FA1DE007BBFEA</string>
				<string>36248AC0518B46CD87C92109</string>
			</array>
			<key>isa</key>
			<string>PBXGroup</string>
			<key>name</key>
			<string>Frameworks</string>
			<key>sourceTree</key>
			<string>&lt;group&gt;</string>
		</dict>
		<key>2AAFE54A182FA1DE007BBFEA</key>
		<dict>
			<key>isa</key>
			<string>PBXFileReference</string>
			<key>lastKnownFileType</key>
			<string>wrapper.framework</string>
			<key>name</key>
			<string>Foundation.framework</string>
			<key>path</key>
			<string>System/Library/Frameworks/Foundation.framework</string>
			<key>sourceTree</key>
			<string>SDKROOT</string>
		</dict>
		<key>2AAFE54B182FA1DE007BBFEA</key>
		<dict>
			<key>fileRef</key>
			<string>2AAFE54A182FA1DE007BBFEA</string>
			<key>isa</key>
			<string>PBXBuildFile</string>
		</dict>
		<key>2AAFE54C182FA1DE007BBFEA</key>
		<dict>
			<key>isa</key>
			<string>PBXFileReference</string>
			<key>lastKnownFileType</key>
			<string>wrapper.framework</string>
			<key>name</key>
			<string>CoreGraphics.framework</string>
			<key>path</key>
			<string>System/Library/Frameworks/CoreGraphics.framework</string>
			<key>sourceTree</key>
			<string>SDKROOT</string>
		</dict>
		<key>2AAFE54D182FA1DE007BBFEA</key>
		<dict>
			<key>fileRef</key>
			<string>2AAFE54C182FA1DE007BBFEA</string>
			<key>isa</key>
			<string>PBXBuildFile</string>
		</dict>
		<key>2AAFE54E182FA1DE007BBFEA</key>
		<dict>
			<key>isa</key>
			<string>PBXFileReference</string>
			<key>lastKnownFileType</key>
			<string>wrapper.framework</string>
			<key>name</key>
			<string>UIKit.framework</string>
			<key>path</key>
			<string>System/Library/Frameworks/UIKit.framework</string>
			<key>sourceTree</key>
			<string>SDKROOT</string>
		</dict>
		<key>2AAFE54F182FA1DE007BBFEA</key>
		<dict>
			<key>fileRef</key>
			<string>2AAFE54E182FA1DE007BBFEA</string>
			<key>isa</key>
			<string>PBXBuildFile</string>
		</dict>
		<key>2AAFE550182FA1DE007BBFEA</key>
		<dict>
			<key>children</key>
			<array>
				<string>2ABE3B331830CD340046A0FC</string>
				<string>2ABE3B341830CD340046A0FC</string>
				<string>2AAFE559182FA1DE007BBFEA</string>
				<string>2AAFE55A182FA1DE007BBFEA</string>
				<string>2AAFE55C182FA1DE007BBFEA</string>
				<string>2AAFE551182FA1DE007BBFEA</string>
			</array>
			<key>isa</key>
			<string>PBXGroup</string>
			<key>path</key>
			<string>Tapestry</string>
			<key>sourceTree</key>
			<string>&lt;group&gt;</string>
		</dict>
		<key>2AAFE551182FA1DE007BBFEA</key>
		<dict>
			<key>children</key>
			<array>
				<string>2AAFE552182FA1DE007BBFEA</string>
				<string>2AAFE553182FA1DE007BBFEA</string>
				<string>2AAFE556182FA1DE007BBFEA</string>
				<string>2AAFE558182FA1DE007BBFEA</string>
			</array>
			<key>isa</key>
			<string>PBXGroup</string>
			<key>name</key>
			<string>Supporting Files</string>
			<key>sourceTree</key>
			<string>&lt;group&gt;</string>
		</dict>
		<key>2AAFE552182FA1DE007BBFEA</key>
		<dict>
			<key>isa</key>
			<string>PBXFileReference</string>
			<key>lastKnownFileType</key>
			<string>text.plist.xml</string>
			<key>path</key>
			<string>Tapestry-Info.plist</string>
			<key>sourceTree</key>
			<string>&lt;group&gt;</string>
		</dict>
		<key>2AAFE553182FA1DE007BBFEA</key>
		<dict>
			<key>children</key>
			<array>
				<string>2AAFE554182FA1DE007BBFEA</string>
			</array>
			<key>isa</key>
			<string>PBXVariantGroup</string>
			<key>name</key>
			<string>InfoPlist.strings</string>
			<key>sourceTree</key>
			<string>&lt;group&gt;</string>
		</dict>
		<key>2AAFE554182FA1DE007BBFEA</key>
		<dict>
			<key>isa</key>
			<string>PBXFileReference</string>
			<key>lastKnownFileType</key>
			<string>text.plist.strings</string>
			<key>name</key>
			<string>en</string>
			<key>path</key>
			<string>en.lproj/InfoPlist.strings</string>
			<key>sourceTree</key>
			<string>&lt;group&gt;</string>
		</dict>
		<key>2AAFE555182FA1DE007BBFEA</key>
		<dict>
			<key>fileRef</key>
			<string>2AAFE553182FA1DE007BBFEA</string>
			<key>isa</key>
			<string>PBXBuildFile</string>
		</dict>
		<key>2AAFE556182FA1DE007BBFEA</key>
		<dict>
			<key>isa</key>
			<string>PBXFileReference</string>
			<key>lastKnownFileType</key>
			<string>sourcecode.c.objc</string>
			<key>path</key>
			<string>main.m</string>
			<key>sourceTree</key>
			<string>&lt;group&gt;</string>
		</dict>
		<key>2AAFE557182FA1DE007BBFEA</key>
		<dict>
			<key>fileRef</key>
			<string>2AAFE556182FA1DE007BBFEA</string>
			<key>isa</key>
			<string>PBXBuildFile</string>
		</dict>
		<key>2AAFE558182FA1DE007BBFEA</key>
		<dict>
			<key>isa</key>
			<string>PBXFileReference</string>
			<key>lastKnownFileType</key>
			<string>sourcecode.c.h</string>
			<key>path</key>
			<string>Tapestry-Prefix.pch</string>
			<key>sourceTree</key>
			<string>&lt;group&gt;</string>
		</dict>
		<key>2AAFE559182FA1DE007BBFEA</key>
		<dict>
			<key>isa</key>
			<string>PBXFileReference</string>
			<key>lastKnownFileType</key>
			<string>sourcecode.c.h</string>
			<key>path</key>
			<string>NCIAppDelegate.h</string>
			<key>sourceTree</key>
			<string>&lt;group&gt;</string>
		</dict>
		<key>2AAFE55A182FA1DE007BBFEA</key>
		<dict>
			<key>isa</key>
			<string>PBXFileReference</string>
			<key>lastKnownFileType</key>
			<string>sourcecode.c.objc</string>
			<key>path</key>
			<string>NCIAppDelegate.m</string>
			<key>sourceTree</key>
			<string>&lt;group&gt;</string>
		</dict>
		<key>2AAFE55B182FA1DE007BBFEA</key>
		<dict>
			<key>fileRef</key>
			<string>2AAFE55A182FA1DE007BBFEA</string>
			<key>isa</key>
			<string>PBXBuildFile</string>
		</dict>
		<key>2AAFE55C182FA1DE007BBFEA</key>
		<dict>
			<key>isa</key>
			<string>PBXFileReference</string>
			<key>lastKnownFileType</key>
			<string>folder.assetcatalog</string>
			<key>path</key>
			<string>Images.xcassets</string>
			<key>sourceTree</key>
			<string>&lt;group&gt;</string>
		</dict>
		<key>2AAFE55D182FA1DE007BBFEA</key>
		<dict>
			<key>fileRef</key>
			<string>2AAFE55C182FA1DE007BBFEA</string>
			<key>isa</key>
			<string>PBXBuildFile</string>
		</dict>
		<key>2AAFE55E182FA1DE007BBFEA</key>
		<dict>
			<key>buildActionMask</key>
			<string>2147483647</string>
			<key>files</key>
			<array>
				<string>2AAFE570182FA1DE007BBFEA</string>
			</array>
			<key>isa</key>
			<string>PBXSourcesBuildPhase</string>
			<key>runOnlyForDeploymentPostprocessing</key>
			<string>0</string>
		</dict>
		<key>2AAFE55F182FA1DE007BBFEA</key>
		<dict>
			<key>buildActionMask</key>
			<string>2147483647</string>
			<key>files</key>
			<array>
				<string>2AAFE564182FA1DE007BBFEA</string>
				<string>2AAFE566182FA1DE007BBFEA</string>
				<string>2AAFE565182FA1DE007BBFEA</string>
			</array>
			<key>isa</key>
			<string>PBXFrameworksBuildPhase</string>
			<key>runOnlyForDeploymentPostprocessing</key>
			<string>0</string>
		</dict>
		<key>2AAFE560182FA1DE007BBFEA</key>
		<dict>
			<key>buildActionMask</key>
			<string>2147483647</string>
			<key>files</key>
			<array>
				<string>2AAFE56E182FA1DE007BBFEA</string>
			</array>
			<key>isa</key>
			<string>PBXResourcesBuildPhase</string>
			<key>runOnlyForDeploymentPostprocessing</key>
			<string>0</string>
		</dict>
		<key>2AAFE561182FA1DE007BBFEA</key>
		<dict>
			<key>buildConfigurationList</key>
			<string>2AAFE576182FA1DE007BBFEA</string>
			<key>buildPhases</key>
			<array>
				<string>2AAFE55E182FA1DE007BBFEA</string>
				<string>2AAFE55F182FA1DE007BBFEA</string>
				<string>2AAFE560182FA1DE007BBFEA</string>
			</array>
			<key>buildRules</key>
			<array/>
			<key>dependencies</key>
			<array>
				<string>2AAFE568182FA1DE007BBFEA</string>
			</array>
			<key>isa</key>
			<string>PBXNativeTarget</string>
			<key>name</key>
			<string>TapestryTests</string>
			<key>productName</key>
			<string>TapestryTests</string>
			<key>productReference</key>
			<string>2AAFE562182FA1DE007BBFEA</string>
			<key>productType</key>
			<string>com.apple.product-type.bundle.unit-test</string>
		</dict>
		<key>2AAFE562182FA1DE007BBFEA</key>
		<dict>
			<key>explicitFileType</key>
			<string>wrapper.cfbundle</string>
			<key>includeInIndex</key>
			<string>0</string>
			<key>isa</key>
			<string>PBXFileReference</string>
			<key>path</key>
			<string>TapestryTests.xctest</string>
			<key>sourceTree</key>
			<string>BUILT_PRODUCTS_DIR</string>
		</dict>
		<key>2AAFE563182FA1DE007BBFEA</key>
		<dict>
			<key>isa</key>
			<string>PBXFileReference</string>
			<key>lastKnownFileType</key>
			<string>wrapper.framework</string>
			<key>name</key>
			<string>XCTest.framework</string>
			<key>path</key>
			<string>Library/Frameworks/XCTest.framework</string>
			<key>sourceTree</key>
			<string>DEVELOPER_DIR</string>
		</dict>
		<key>2AAFE564182FA1DE007BBFEA</key>
		<dict>
			<key>fileRef</key>
			<string>2AAFE563182FA1DE007BBFEA</string>
			<key>isa</key>
			<string>PBXBuildFile</string>
		</dict>
		<key>2AAFE565182FA1DE007BBFEA</key>
		<dict>
			<key>fileRef</key>
			<string>2AAFE54A182FA1DE007BBFEA</string>
			<key>isa</key>
			<string>PBXBuildFile</string>
		</dict>
		<key>2AAFE566182FA1DE007BBFEA</key>
		<dict>
			<key>fileRef</key>
			<string>2AAFE54E182FA1DE007BBFEA</string>
			<key>isa</key>
			<string>PBXBuildFile</string>
		</dict>
		<key>2AAFE567182FA1DE007BBFEA</key>
		<dict>
			<key>containerPortal</key>
			<string>2AAFE53F182FA1DE007BBFEA</string>
			<key>isa</key>
			<string>PBXContainerItemProxy</string>
			<key>proxyType</key>
			<string>1</string>
			<key>remoteGlobalIDString</key>
			<string>2AAFE546182FA1DE007BBFEA</string>
			<key>remoteInfo</key>
			<string>Tapestry</string>
		</dict>
		<key>2AAFE568182FA1DE007BBFEA</key>
		<dict>
			<key>isa</key>
			<string>PBXTargetDependency</string>
			<key>target</key>
			<string>2AAFE546182FA1DE007BBFEA</string>
			<key>targetProxy</key>
			<string>2AAFE567182FA1DE007BBFEA</string>
		</dict>
		<key>2AAFE569182FA1DE007BBFEA</key>
		<dict>
			<key>children</key>
			<array>
				<string>2AAFE56F182FA1DE007BBFEA</string>
				<string>2AAFE56A182FA1DE007BBFEA</string>
			</array>
			<key>isa</key>
			<string>PBXGroup</string>
			<key>path</key>
			<string>TapestryTests</string>
			<key>sourceTree</key>
			<string>&lt;group&gt;</string>
		</dict>
		<key>2AAFE56A182FA1DE007BBFEA</key>
		<dict>
			<key>children</key>
			<array>
				<string>2AAFE56B182FA1DE007BBFEA</string>
				<string>2AAFE56C182FA1DE007BBFEA</string>
			</array>
			<key>isa</key>
			<string>PBXGroup</string>
			<key>name</key>
			<string>Supporting Files</string>
			<key>sourceTree</key>
			<string>&lt;group&gt;</string>
		</dict>
		<key>2AAFE56B182FA1DE007BBFEA</key>
		<dict>
			<key>isa</key>
			<string>PBXFileReference</string>
			<key>lastKnownFileType</key>
			<string>text.plist.xml</string>
			<key>path</key>
			<string>TapestryTests-Info.plist</string>
			<key>sourceTree</key>
			<string>&lt;group&gt;</string>
		</dict>
		<key>2AAFE56C182FA1DE007BBFEA</key>
		<dict>
			<key>children</key>
			<array>
				<string>2AAFE56D182FA1DE007BBFEA</string>
			</array>
			<key>isa</key>
			<string>PBXVariantGroup</string>
			<key>name</key>
			<string>InfoPlist.strings</string>
			<key>sourceTree</key>
			<string>&lt;group&gt;</string>
		</dict>
		<key>2AAFE56D182FA1DE007BBFEA</key>
		<dict>
			<key>isa</key>
			<string>PBXFileReference</string>
			<key>lastKnownFileType</key>
			<string>text.plist.strings</string>
			<key>name</key>
			<string>en</string>
			<key>path</key>
			<string>en.lproj/InfoPlist.strings</string>
			<key>sourceTree</key>
			<string>&lt;group&gt;</string>
		</dict>
		<key>2AAFE56E182FA1DE007BBFEA</key>
		<dict>
			<key>fileRef</key>
			<string>2AAFE56C182FA1DE007BBFEA</string>
			<key>isa</key>
			<string>PBXBuildFile</string>
		</dict>
		<key>2AAFE56F182FA1DE007BBFEA</key>
		<dict>
			<key>isa</key>
			<string>PBXFileReference</string>
			<key>lastKnownFileType</key>
			<string>sourcecode.c.objc</string>
			<key>path</key>
			<string>TapestryTests.m</string>
			<key>sourceTree</key>
			<string>&lt;group&gt;</string>
		</dict>
		<key>2AAFE570182FA1DE007BBFEA</key>
		<dict>
			<key>fileRef</key>
			<string>2AAFE56F182FA1DE007BBFEA</string>
			<key>isa</key>
			<string>PBXBuildFile</string>
		</dict>
		<key>2AAFE571182FA1DE007BBFEA</key>
		<dict>
			<key>buildSettings</key>
			<dict>
				<key>ALWAYS_SEARCH_USER_PATHS</key>
				<string>NO</string>
				<key>ARCHS</key>
				<string>$(ARCHS_STANDARD_INCLUDING_64_BIT)</string>
				<key>CLANG_CXX_LANGUAGE_STANDARD</key>
				<string>gnu++0x</string>
				<key>CLANG_CXX_LIBRARY</key>
				<string>libc++</string>
				<key>CLANG_ENABLE_MODULES</key>
				<string>YES</string>
				<key>CLANG_ENABLE_OBJC_ARC</key>
				<string>YES</string>
				<key>CLANG_WARN_BOOL_CONVERSION</key>
				<string>YES</string>
				<key>CLANG_WARN_CONSTANT_CONVERSION</key>
				<string>YES</string>
				<key>CLANG_WARN_DIRECT_OBJC_ISA_USAGE</key>
				<string>YES_ERROR</string>
				<key>CLANG_WARN_EMPTY_BODY</key>
				<string>YES</string>
				<key>CLANG_WARN_ENUM_CONVERSION</key>
				<string>YES</string>
				<key>CLANG_WARN_INT_CONVERSION</key>
				<string>YES</string>
				<key>CLANG_WARN_OBJC_ROOT_CLASS</key>
				<string>YES_ERROR</string>
				<key>CLANG_WARN__DUPLICATE_METHOD_MATCH</key>
				<string>YES</string>
				<key>CODE_SIGN_IDENTITY[sdk=iphoneos*]</key>
				<string>iPhone Developer</string>
				<key>COPY_PHASE_STRIP</key>
				<string>NO</string>
				<key>GCC_C_LANGUAGE_STANDARD</key>
				<string>gnu99</string>
				<key>GCC_DYNAMIC_NO_PIC</key>
				<string>NO</string>
				<key>GCC_OPTIMIZATION_LEVEL</key>
				<string>0</string>
				<key>GCC_PREPROCESSOR_DEFINITIONS</key>
				<array>
					<string>DEBUG=1</string>
					<string>$(inherited)</string>
				</array>
				<key>GCC_SYMBOLS_PRIVATE_EXTERN</key>
				<string>NO</string>
				<key>GCC_WARN_64_TO_32_BIT_CONVERSION</key>
				<string>YES</string>
				<key>GCC_WARN_ABOUT_RETURN_TYPE</key>
				<string>YES_ERROR</string>
				<key>GCC_WARN_UNDECLARED_SELECTOR</key>
				<string>YES</string>
				<key>GCC_WARN_UNINITIALIZED_AUTOS</key>
				<string>YES</string>
				<key>GCC_WARN_UNUSED_FUNCTION</key>
				<string>YES</string>
				<key>GCC_WARN_UNUSED_VARIABLE</key>
				<string>YES</string>
				<key>IPHONEOS_DEPLOYMENT_TARGET</key>
				<string>7.0</string>
				<key>ONLY_ACTIVE_ARCH</key>
				<string>YES</string>
				<key>SDKROOT</key>
				<string>iphoneos</string>
				<key>TARGETED_DEVICE_FAMILY</key>
				<string>2</string>
			</dict>
			<key>isa</key>
			<string>XCBuildConfiguration</string>
			<key>name</key>
			<string>Debug</string>
		</dict>
		<key>2AAFE572182FA1DE007BBFEA</key>
		<dict>
			<key>buildSettings</key>
			<dict>
				<key>ALWAYS_SEARCH_USER_PATHS</key>
				<string>NO</string>
				<key>ARCHS</key>
				<string>$(ARCHS_STANDARD_INCLUDING_64_BIT)</string>
				<key>CLANG_CXX_LANGUAGE_STANDARD</key>
				<string>gnu++0x</string>
				<key>CLANG_CXX_LIBRARY</key>
				<string>libc++</string>
				<key>CLANG_ENABLE_MODULES</key>
				<string>YES</string>
				<key>CLANG_ENABLE_OBJC_ARC</key>
				<string>YES</string>
				<key>CLANG_WARN_BOOL_CONVERSION</key>
				<string>YES</string>
				<key>CLANG_WARN_CONSTANT_CONVERSION</key>
				<string>YES</string>
				<key>CLANG_WARN_DIRECT_OBJC_ISA_USAGE</key>
				<string>YES_ERROR</string>
				<key>CLANG_WARN_EMPTY_BODY</key>
				<string>YES</string>
				<key>CLANG_WARN_ENUM_CONVERSION</key>
				<string>YES</string>
				<key>CLANG_WARN_INT_CONVERSION</key>
				<string>YES</string>
				<key>CLANG_WARN_OBJC_ROOT_CLASS</key>
				<string>YES_ERROR</string>
				<key>CLANG_WARN__DUPLICATE_METHOD_MATCH</key>
				<string>YES</string>
				<key>CODE_SIGN_IDENTITY[sdk=iphoneos*]</key>
				<string>iPhone Developer</string>
				<key>COPY_PHASE_STRIP</key>
				<string>YES</string>
				<key>ENABLE_NS_ASSERTIONS</key>
				<string>NO</string>
				<key>GCC_C_LANGUAGE_STANDARD</key>
				<string>gnu99</string>
				<key>GCC_WARN_64_TO_32_BIT_CONVERSION</key>
				<string>YES</string>
				<key>GCC_WARN_ABOUT_RETURN_TYPE</key>
				<string>YES_ERROR</string>
				<key>GCC_WARN_UNDECLARED_SELECTOR</key>
				<string>YES</string>
				<key>GCC_WARN_UNINITIALIZED_AUTOS</key>
				<string>YES</string>
				<key>GCC_WARN_UNUSED_FUNCTION</key>
				<string>YES</string>
				<key>GCC_WARN_UNUSED_VARIABLE</key>
				<string>YES</string>
				<key>IPHONEOS_DEPLOYMENT_TARGET</key>
				<string>7.0</string>
				<key>SDKROOT</key>
				<string>iphoneos</string>
				<key>TARGETED_DEVICE_FAMILY</key>
				<string>2</string>
				<key>VALIDATE_PRODUCT</key>
				<string>YES</string>
			</dict>
			<key>isa</key>
			<string>XCBuildConfiguration</string>
			<key>name</key>
			<string>Release</string>
		</dict>
		<key>2AAFE573182FA1DE007BBFEA</key>
		<dict>
			<key>buildConfigurations</key>
			<array>
				<string>2AAFE574182FA1DE007BBFEA</string>
				<string>2AAFE575182FA1DE007BBFEA</string>
			</array>
			<key>defaultConfigurationIsVisible</key>
			<string>0</string>
			<key>defaultConfigurationName</key>
			<string>Release</string>
			<key>isa</key>
			<string>XCConfigurationList</string>
		</dict>
		<key>2AAFE574182FA1DE007BBFEA</key>
		<dict>
			<key>baseConfigurationReference</key>
			<string>B0D415E2262C4B2E8C4A192B</string>
			<key>buildSettings</key>
			<dict>
				<key>ASSETCATALOG_COMPILER_APPICON_NAME</key>
				<string>AppIcon</string>
				<key>ASSETCATALOG_COMPILER_LAUNCHIMAGE_NAME</key>
				<string>LaunchImage</string>
				<key>CODE_SIGN_IDENTITY</key>
				<string>iPhone Developer</string>
				<key>GCC_PRECOMPILE_PREFIX_HEADER</key>
				<string>YES</string>
				<key>GCC_PREFIX_HEADER</key>
				<string>Tapestry/Tapestry-Prefix.pch</string>
				<key>INFOPLIST_FILE</key>
				<string>Tapestry/Tapestry-Info.plist</string>
				<key>IPHONEOS_DEPLOYMENT_TARGET</key>
				<string>6.0</string>
				<key>PRODUCT_NAME</key>
				<string>$(TARGET_NAME)</string>
				<key>TARGETED_DEVICE_FAMILY</key>
				<string>2</string>
				<key>WRAPPER_EXTENSION</key>
				<string>app</string>
			</dict>
			<key>isa</key>
			<string>XCBuildConfiguration</string>
			<key>name</key>
			<string>Debug</string>
		</dict>
		<key>2AAFE575182FA1DE007BBFEA</key>
		<dict>
			<key>baseConfigurationReference</key>
			<string>B0D415E2262C4B2E8C4A192B</string>
			<key>buildSettings</key>
			<dict>
				<key>ASSETCATALOG_COMPILER_APPICON_NAME</key>
				<string>AppIcon</string>
				<key>ASSETCATALOG_COMPILER_LAUNCHIMAGE_NAME</key>
				<string>LaunchImage</string>
				<key>CODE_SIGN_IDENTITY</key>
				<string>iPhone Developer</string>
				<key>GCC_PRECOMPILE_PREFIX_HEADER</key>
				<string>YES</string>
				<key>GCC_PREFIX_HEADER</key>
				<string>Tapestry/Tapestry-Prefix.pch</string>
				<key>INFOPLIST_FILE</key>
				<string>Tapestry/Tapestry-Info.plist</string>
				<key>IPHONEOS_DEPLOYMENT_TARGET</key>
				<string>6.0</string>
				<key>PRODUCT_NAME</key>
				<string>$(TARGET_NAME)</string>
				<key>TARGETED_DEVICE_FAMILY</key>
				<string>2</string>
				<key>WRAPPER_EXTENSION</key>
				<string>app</string>
			</dict>
			<key>isa</key>
			<string>XCBuildConfiguration</string>
			<key>name</key>
			<string>Release</string>
		</dict>
		<key>2AAFE576182FA1DE007BBFEA</key>
		<dict>
			<key>buildConfigurations</key>
			<array>
				<string>2AAFE577182FA1DE007BBFEA</string>
				<string>2AAFE578182FA1DE007BBFEA</string>
			</array>
			<key>defaultConfigurationIsVisible</key>
			<string>0</string>
			<key>defaultConfigurationName</key>
			<string>Release</string>
			<key>isa</key>
			<string>XCConfigurationList</string>
		</dict>
		<key>2AAFE577182FA1DE007BBFEA</key>
		<dict>
			<key>buildSettings</key>
			<dict>
				<key>ARCHS</key>
				<string>$(ARCHS_STANDARD_INCLUDING_64_BIT)</string>
				<key>BUNDLE_LOADER</key>
				<string>$(BUILT_PRODUCTS_DIR)/Tapestry.app/Tapestry</string>
				<key>FRAMEWORK_SEARCH_PATHS</key>
				<array>
					<string>$(SDKROOT)/Developer/Library/Frameworks</string>
					<string>$(inherited)</string>
					<string>$(DEVELOPER_FRAMEWORKS_DIR)</string>
				</array>
				<key>GCC_PRECOMPILE_PREFIX_HEADER</key>
				<string>YES</string>
				<key>GCC_PREFIX_HEADER</key>
				<string>Tapestry/Tapestry-Prefix.pch</string>
				<key>GCC_PREPROCESSOR_DEFINITIONS</key>
				<array>
					<string>DEBUG=1</string>
					<string>$(inherited)</string>
				</array>
				<key>INFOPLIST_FILE</key>
				<string>TapestryTests/TapestryTests-Info.plist</string>
				<key>PRODUCT_NAME</key>
				<string>$(TARGET_NAME)</string>
				<key>TEST_HOST</key>
				<string>$(BUNDLE_LOADER)</string>
				<key>WRAPPER_EXTENSION</key>
				<string>xctest</string>
			</dict>
			<key>isa</key>
			<string>XCBuildConfiguration</string>
			<key>name</key>
			<string>Debug</string>
		</dict>
		<key>2AAFE578182FA1DE007BBFEA</key>
		<dict>
			<key>buildSettings</key>
			<dict>
				<key>ARCHS</key>
				<string>$(ARCHS_STANDARD_INCLUDING_64_BIT)</string>
				<key>BUNDLE_LOADER</key>
				<string>$(BUILT_PRODUCTS_DIR)/Tapestry.app/Tapestry</string>
				<key>FRAMEWORK_SEARCH_PATHS</key>
				<array>
					<string>$(SDKROOT)/Developer/Library/Frameworks</string>
					<string>$(inherited)</string>
					<string>$(DEVELOPER_FRAMEWORKS_DIR)</string>
				</array>
				<key>GCC_PRECOMPILE_PREFIX_HEADER</key>
				<string>YES</string>
				<key>GCC_PREFIX_HEADER</key>
				<string>Tapestry/Tapestry-Prefix.pch</string>
				<key>INFOPLIST_FILE</key>
				<string>TapestryTests/TapestryTests-Info.plist</string>
				<key>PRODUCT_NAME</key>
				<string>$(TARGET_NAME)</string>
				<key>TEST_HOST</key>
				<string>$(BUNDLE_LOADER)</string>
				<key>WRAPPER_EXTENSION</key>
				<string>xctest</string>
			</dict>
			<key>isa</key>
			<string>XCBuildConfiguration</string>
			<key>name</key>
			<string>Release</string>
		</dict>
		<key>2ABE3B331830CD340046A0FC</key>
		<dict>
			<key>fileEncoding</key>
			<string>4</string>
			<key>isa</key>
			<string>PBXFileReference</string>
			<key>lastKnownFileType</key>
			<string>sourcecode.c.h</string>
			<key>path</key>
			<string>NCIGraphController.h</string>
			<key>sourceTree</key>
			<string>&lt;group&gt;</string>
		</dict>
		<key>2ABE3B341830CD340046A0FC</key>
		<dict>
			<key>fileEncoding</key>
			<string>4</string>
			<key>isa</key>
			<string>PBXFileReference</string>
			<key>lastKnownFileType</key>
			<string>sourcecode.c.objc</string>
			<key>path</key>
			<string>NCIGraphController.m</string>
			<key>sourceTree</key>
			<string>&lt;group&gt;</string>
		</dict>
		<key>2ABE3B351830CD340046A0FC</key>
		<dict>
			<key>fileRef</key>
			<string>2ABE3B341830CD340046A0FC</string>
			<key>isa</key>
			<string>PBXBuildFile</string>
		</dict>
		<key>36248AC0518B46CD87C92109</key>
		<dict>
			<key>explicitFileType</key>
			<string>archive.ar</string>
			<key>includeInIndex</key>
			<string>0</string>
			<key>isa</key>
			<string>PBXFileReference</string>
			<key>path</key>
			<string>libPods.a</string>
			<key>sourceTree</key>
			<string>BUILT_PRODUCTS_DIR</string>
		</dict>
		<key>A06202B79CF74FAF8FF8052A</key>
		<dict>
			<key>buildActionMask</key>
			<string>2147483647</string>
			<key>files</key>
			<array/>
			<key>inputPaths</key>
			<array/>
			<key>isa</key>
			<string>PBXShellScriptBuildPhase</string>
			<key>name</key>
			<string>Check Pods Manifest.lock</string>
			<key>outputPaths</key>
			<array/>
			<key>runOnlyForDeploymentPostprocessing</key>
			<string>0</string>
			<key>shellPath</key>
			<string>/bin/sh</string>
			<key>shellScript</key>
			<string>diff "${PODS_ROOT}/../Podfile.lock" "${PODS_ROOT}/Manifest.lock" &gt; /dev/null
if [[ $? != 0 ]] ; then
    cat &lt;&lt; EOM
error: The sandbox is not in sync with the Podfile.lock. Run 'pod install' or update your CocoaPods installation.
EOM
    exit 1
fi
</string>
			<key>showEnvVarsInLog</key>
			<string>0</string>
		</dict>
		<key>B0D415E2262C4B2E8C4A192B</key>
		<dict>
			<key>includeInIndex</key>
			<string>1</string>
			<key>isa</key>
			<string>PBXFileReference</string>
			<key>lastKnownFileType</key>
			<string>text.xcconfig</string>
			<key>name</key>
			<string>Pods.xcconfig</string>
			<key>path</key>
			<string>Pods/Pods.xcconfig</string>
			<key>sourceTree</key>
			<string>&lt;group&gt;</string>
		</dict>
		<key>B989E7ED8B4D4086A19D20D1</key>
		<dict>
			<key>fileRef</key>
			<string>36248AC0518B46CD87C92109</string>
			<key>isa</key>
			<string>PBXBuildFile</string>
		</dict>
	</dict>
	<key>rootObject</key>
	<string>2AAFE53F182FA1DE007BBFEA</string>
</dict>
</plist>
