// !$*UTF8*$!
{
	archiveVersion = 1;
	classes = {
	};
	objectVersion = 46;
	objects = {

/* Begin PBXBuildFile section */
		2A02D0071844F16C0065B0E9 /* Foundation.framework in Frameworks */ = {isa = PBXBuildFile; fileRef = 2A02D0061844F16C0065B0E9 /* Foundation.framework */; };
		2A02D0091844F16C0065B0E9 /* CoreGraphics.framework in Frameworks */ = {isa = PBXBuildFile; fileRef = 2A02D0081844F16C0065B0E9 /* CoreGraphics.framework */; };
		2A02D00B1844F16C0065B0E9 /* UIKit.framework in Frameworks */ = {isa = PBXBuildFile; fileRef = 2A02D00A1844F16C0065B0E9 /* UIKit.framework */; };
		2A02D0111844F16C0065B0E9 /* InfoPlist.strings in Resources */ = {isa = PBXBuildFile; fileRef = 2A02D00F1844F16C0065B0E9 /* InfoPlist.strings */; };
		2A02D0131844F16C0065B0E9 /* main.m in Sources */ = {isa = PBXBuildFile; fileRef = 2A02D0121844F16C0065B0E9 /* main.m */; };
		2A02D0171844F16C0065B0E9 /* NCIAppDelegate.m in Sources */ = {isa = PBXBuildFile; fileRef = 2A02D0161844F16C0065B0E9 /* NCIAppDelegate.m */; };
		2A02D0191844F16C0065B0E9 /* Images.xcassets in Resources */ = {isa = PBXBuildFile; fileRef = 2A02D0181844F16C0065B0E9 /* Images.xcassets */; };
		2A02D0201844F16C0065B0E9 /* XCTest.framework in Frameworks */ = {isa = PBXBuildFile; fileRef = 2A02D01F1844F16C0065B0E9 /* XCTest.framework */; };
		2A02D0211844F16C0065B0E9 /* Foundation.framework in Frameworks */ = {isa = PBXBuildFile; fileRef = 2A02D0061844F16C0065B0E9 /* Foundation.framework */; };
		2A02D0221844F16C0065B0E9 /* UIKit.framework in Frameworks */ = {isa = PBXBuildFile; fileRef = 2A02D00A1844F16C0065B0E9 /* UIKit.framework */; };
		2A02D02A1844F16C0065B0E9 /* InfoPlist.strings in Resources */ = {isa = PBXBuildFile; fileRef = 2A02D0281844F16C0065B0E9 /* InfoPlist.strings */; };
		2A02D02C1844F16C0065B0E9 /* TapestryTests.m in Sources */ = {isa = PBXBuildFile; fileRef = 2A02D02B1844F16C0065B0E9 /* TapestryTests.m */; };
		2A02D0551844F1BF0065B0E9 /* NCIEditServerView.m in Sources */ = {isa = PBXBuildFile; fileRef = 2A02D04A1844F1BF0065B0E9 /* NCIEditServerView.m */; };
		2A02D0561844F1BF0065B0E9 /* NCIHelpView.m in Sources */ = {isa = PBXBuildFile; fileRef = 2A02D04C1844F1BF0065B0E9 /* NCIHelpView.m */; };
		2A02D0571844F1BF0065B0E9 /* NCIHintView.m in Sources */ = {isa = PBXBuildFile; fileRef = 2A02D04E1844F1BF0065B0E9 /* NCIHintView.m */; };
		2A02D0581844F1BF0065B0E9 /* NCIIndexValueView.m in Sources */ = {isa = PBXBuildFile; fileRef = 2A02D0501844F1BF0065B0E9 /* NCIIndexValueView.m */; };
		2A02D0591844F1BF0065B0E9 /* NCIPeriodSwitcher.m in Sources */ = {isa = PBXBuildFile; fileRef = 2A02D0521844F1BF0065B0E9 /* NCIPeriodSwitcher.m */; };
		2A02D05A1844F1BF0065B0E9 /* NCIPeriodSwitcherPanel.m in Sources */ = {isa = PBXBuildFile; fileRef = 2A02D0541844F1BF0065B0E9 /* NCIPeriodSwitcherPanel.m */; };
		2A02D07E1844F2210065B0E9 /* NCIGraphController.m in Sources */ = {isa = PBXBuildFile; fileRef = 2A02D07B1844F2210065B0E9 /* NCIGraphController.m */; };
		2A02D07F1844F2210065B0E9 /* NCIWebSocketConnector.m in Sources */ = {isa = PBXBuildFile; fileRef = 2A02D07D1844F2210065B0E9 /* NCIWebSocketConnector.m */; };
		2A1B29A31925E111006CC710 /* NCIDetailsView.m in Sources */ = {isa = PBXBuildFile; fileRef = 2A1B29A21925E111006CC710 /* NCIDetailsView.m */; };
		2A3B81201941479800FC6824 /* NCIAxis.m in Sources */ = {isa = PBXBuildFile; fileRef = 2A3B81051941479800FC6824 /* NCIAxis.m */; };
		2A3B81211941479800FC6824 /* NCIBar.m in Sources */ = {isa = PBXBuildFile; fileRef = 2A3B81071941479800FC6824 /* NCIBar.m */; };
		2A3B81221941479800FC6824 /* NCIBarGraphView.m in Sources */ = {isa = PBXBuildFile; fileRef = 2A3B81091941479800FC6824 /* NCIBarGraphView.m */; };
		2A3B81231941479800FC6824 /* NCIBarGridView.m in Sources */ = {isa = PBXBuildFile; fileRef = 2A3B810B1941479800FC6824 /* NCIBarGridView.m */; };
		2A3B81241941479800FC6824 /* NCIBtmGraphView.m in Sources */ = {isa = PBXBuildFile; fileRef = 2A3B810D1941479800FC6824 /* NCIBtmGraphView.m */; };
		2A3B81251941479800FC6824 /* NCIChartOptions.m in Sources */ = {isa = PBXBuildFile; fileRef = 2A3B810F1941479800FC6824 /* NCIChartOptions.m */; };
		2A3B81261941479800FC6824 /* NCIChartView.m in Sources */ = {isa = PBXBuildFile; fileRef = 2A3B81111941479800FC6824 /* NCIChartView.m */; };
		2A3B81271941479800FC6824 /* NCIHandspikeView.m in Sources */ = {isa = PBXBuildFile; fileRef = 2A3B81131941479800FC6824 /* NCIHandspikeView.m */; };
		2A3B81281941479800FC6824 /* NCILine.m in Sources */ = {isa = PBXBuildFile; fileRef = 2A3B81151941479800FC6824 /* NCILine.m */; };
		2A3B81291941479800FC6824 /* NCISimpleChartView.m in Sources */ = {isa = PBXBuildFile; fileRef = 2A3B81171941479800FC6824 /* NCISimpleChartView.m */; };
		2A3B812A1941479800FC6824 /* NCISimpleGraphView.m in Sources */ = {isa = PBXBuildFile; fileRef = 2A3B81191941479800FC6824 /* NCISimpleGraphView.m */; };
		2A3B812B1941479800FC6824 /* NCISimpleGridView.m in Sources */ = {isa = PBXBuildFile; fileRef = 2A3B811B1941479800FC6824 /* NCISimpleGridView.m */; };
		2A3B812C1941479800FC6824 /* NCITopGraphView.m in Sources */ = {isa = PBXBuildFile; fileRef = 2A3B811D1941479800FC6824 /* NCITopGraphView.m */; };
		2A3B812D1941479800FC6824 /* NCIZoomGraphView.m in Sources */ = {isa = PBXBuildFile; fileRef = 2A3B811F1941479800FC6824 /* NCIZoomGraphView.m */; };
		2A3BBB0D18576EBF006ECC2B /* NCIConstants.m in Sources */ = {isa = PBXBuildFile; fileRef = 2A3BBB0C18576EBF006ECC2B /* NCIConstants.m */; };
		2A8630721944AA7000533BDF /* NCIHistagramDetailsView.m in Sources */ = {isa = PBXBuildFile; fileRef = 2A8630711944AA7000533BDF /* NCIHistagramDetailsView.m */; };
		2A90431B18E392AA008CEBB8 /* Localizable.strings in Resources */ = {isa = PBXBuildFile; fileRef = 2A90431D18E392AA008CEBB8 /* Localizable.strings */; };
		2AA6782919301BE500AD1C61 /* NCIEndpoint.m in Sources */ = {isa = PBXBuildFile; fileRef = 2AA6782819301BE500AD1C61 /* NCIEndpoint.m */; };
		2AC7FF9719266CA100EE5DC1 /* NCICollectorsDetailsView.m in Sources */ = {isa = PBXBuildFile; fileRef = 2AC7FF9619266CA100EE5DC1 /* NCICollectorsDetailsView.m */; };
		2AC7FF9A1926723B00EE5DC1 /* NCIDetails.m in Sources */ = {isa = PBXBuildFile; fileRef = 2AC7FF991926723B00EE5DC1 /* NCIDetails.m */; };
		2AC7FF9D1926B0F800EE5DC1 /* NCITabButton.m in Sources */ = {isa = PBXBuildFile; fileRef = 2AC7FF9C1926B0F800EE5DC1 /* NCITabButton.m */; };
		2AC7FFA91926BD5000EE5DC1 /* NCIFlowsView.m in Sources */ = {isa = PBXBuildFile; fileRef = 2AC7FFA81926BD5000EE5DC1 /* NCIFlowsView.m */; };
		2AC7FFAC1926BD6600EE5DC1 /* NCIAcitvitiesSizesView.m in Sources */ = {isa = PBXBuildFile; fileRef = 2AC7FFAB1926BD6600EE5DC1 /* NCIAcitvitiesSizesView.m */; };
		2AF134E0185E31E50087D685 /* UIColor+WithHex.m in Sources */ = {isa = PBXBuildFile; fileRef = 2AF134DF185E31E50087D685 /* UIColor+WithHex.m */; };
		BF1E73678289457C8D232F84 /* libPods.a in Frameworks */ = {isa = PBXBuildFile; fileRef = 06D5AAF19A074DA0BABE9A8B /* libPods.a */; };
/* End PBXBuildFile section */

/* Begin PBXContainerItemProxy section */
		2A02D0231844F16C0065B0E9 /* PBXContainerItemProxy */ = {
			isa = PBXContainerItemProxy;
			containerPortal = 2A02CFFB1844F16B0065B0E9 /* Project object */;
			proxyType = 1;
			remoteGlobalIDString = 2A02D0021844F16B0065B0E9;
			remoteInfo = Tapestry;
		};
/* End PBXContainerItemProxy section */

/* Begin PBXFileReference section */
		06D5AAF19A074DA0BABE9A8B /* libPods.a */ = {isa = PBXFileReference; explicitFileType = archive.ar; includeInIndex = 0; path = libPods.a; sourceTree = BUILT_PRODUCTS_DIR; };
		2A02D0031844F16B0065B0E9 /* Tapestry.app */ = {isa = PBXFileReference; explicitFileType = wrapper.application; includeInIndex = 0; path = Tapestry.app; sourceTree = BUILT_PRODUCTS_DIR; };
		2A02D0061844F16C0065B0E9 /* Foundation.framework */ = {isa = PBXFileReference; lastKnownFileType = wrapper.framework; name = Foundation.framework; path = System/Library/Frameworks/Foundation.framework; sourceTree = SDKROOT; };
		2A02D0081844F16C0065B0E9 /* CoreGraphics.framework */ = {isa = PBXFileReference; lastKnownFileType = wrapper.framework; name = CoreGraphics.framework; path = System/Library/Frameworks/CoreGraphics.framework; sourceTree = SDKROOT; };
		2A02D00A1844F16C0065B0E9 /* UIKit.framework */ = {isa = PBXFileReference; lastKnownFileType = wrapper.framework; name = UIKit.framework; path = System/Library/Frameworks/UIKit.framework; sourceTree = SDKROOT; };
		2A02D00E1844F16C0065B0E9 /* Tapestry-Info.plist */ = {isa = PBXFileReference; lastKnownFileType = text.plist.xml; path = "Tapestry-Info.plist"; sourceTree = "<group>"; };
		2A02D0101844F16C0065B0E9 /* en */ = {isa = PBXFileReference; lastKnownFileType = text.plist.strings; name = en; path = en.lproj/InfoPlist.strings; sourceTree = "<group>"; };
		2A02D0121844F16C0065B0E9 /* main.m */ = {isa = PBXFileReference; lastKnownFileType = sourcecode.c.objc; path = main.m; sourceTree = "<group>"; };
		2A02D0141844F16C0065B0E9 /* Tapestry-Prefix.pch */ = {isa = PBXFileReference; lastKnownFileType = sourcecode.c.h; path = "Tapestry-Prefix.pch"; sourceTree = "<group>"; };
		2A02D0151844F16C0065B0E9 /* NCIAppDelegate.h */ = {isa = PBXFileReference; lastKnownFileType = sourcecode.c.h; path = NCIAppDelegate.h; sourceTree = "<group>"; };
		2A02D0161844F16C0065B0E9 /* NCIAppDelegate.m */ = {isa = PBXFileReference; lastKnownFileType = sourcecode.c.objc; path = NCIAppDelegate.m; sourceTree = "<group>"; };
		2A02D0181844F16C0065B0E9 /* Images.xcassets */ = {isa = PBXFileReference; lastKnownFileType = folder.assetcatalog; path = Images.xcassets; sourceTree = "<group>"; };
		2A02D01E1844F16C0065B0E9 /* TapestryTests.xctest */ = {isa = PBXFileReference; explicitFileType = wrapper.cfbundle; includeInIndex = 0; path = TapestryTests.xctest; sourceTree = BUILT_PRODUCTS_DIR; };
		2A02D01F1844F16C0065B0E9 /* XCTest.framework */ = {isa = PBXFileReference; lastKnownFileType = wrapper.framework; name = XCTest.framework; path = Library/Frameworks/XCTest.framework; sourceTree = DEVELOPER_DIR; };
		2A02D0271844F16C0065B0E9 /* TapestryTests-Info.plist */ = {isa = PBXFileReference; lastKnownFileType = text.plist.xml; path = "TapestryTests-Info.plist"; sourceTree = "<group>"; };
		2A02D0291844F16C0065B0E9 /* en */ = {isa = PBXFileReference; lastKnownFileType = text.plist.strings; name = en; path = en.lproj/InfoPlist.strings; sourceTree = "<group>"; };
		2A02D02B1844F16C0065B0E9 /* TapestryTests.m */ = {isa = PBXFileReference; lastKnownFileType = sourcecode.c.objc; path = TapestryTests.m; sourceTree = "<group>"; };
		2A02D0491844F1BF0065B0E9 /* NCIEditServerView.h */ = {isa = PBXFileReference; fileEncoding = 4; lastKnownFileType = sourcecode.c.h; path = NCIEditServerView.h; sourceTree = "<group>"; };
		2A02D04A1844F1BF0065B0E9 /* NCIEditServerView.m */ = {isa = PBXFileReference; fileEncoding = 4; lastKnownFileType = sourcecode.c.objc; path = NCIEditServerView.m; sourceTree = "<group>"; };
		2A02D04B1844F1BF0065B0E9 /* NCIHelpView.h */ = {isa = PBXFileReference; fileEncoding = 4; lastKnownFileType = sourcecode.c.h; path = NCIHelpView.h; sourceTree = "<group>"; };
		2A02D04C1844F1BF0065B0E9 /* NCIHelpView.m */ = {isa = PBXFileReference; fileEncoding = 4; lastKnownFileType = sourcecode.c.objc; path = NCIHelpView.m; sourceTree = "<group>"; };
		2A02D04D1844F1BF0065B0E9 /* NCIHintView.h */ = {isa = PBXFileReference; fileEncoding = 4; lastKnownFileType = sourcecode.c.h; path = NCIHintView.h; sourceTree = "<group>"; };
		2A02D04E1844F1BF0065B0E9 /* NCIHintView.m */ = {isa = PBXFileReference; fileEncoding = 4; lastKnownFileType = sourcecode.c.objc; path = NCIHintView.m; sourceTree = "<group>"; };
		2A02D04F1844F1BF0065B0E9 /* NCIIndexValueView.h */ = {isa = PBXFileReference; fileEncoding = 4; lastKnownFileType = sourcecode.c.h; path = NCIIndexValueView.h; sourceTree = "<group>"; };
		2A02D0501844F1BF0065B0E9 /* NCIIndexValueView.m */ = {isa = PBXFileReference; fileEncoding = 4; lastKnownFileType = sourcecode.c.objc; path = NCIIndexValueView.m; sourceTree = "<group>"; };
		2A02D0511844F1BF0065B0E9 /* NCIPeriodSwitcher.h */ = {isa = PBXFileReference; fileEncoding = 4; lastKnownFileType = sourcecode.c.h; path = NCIPeriodSwitcher.h; sourceTree = "<group>"; };
		2A02D0521844F1BF0065B0E9 /* NCIPeriodSwitcher.m */ = {isa = PBXFileReference; fileEncoding = 4; lastKnownFileType = sourcecode.c.objc; path = NCIPeriodSwitcher.m; sourceTree = "<group>"; };
		2A02D0531844F1BF0065B0E9 /* NCIPeriodSwitcherPanel.h */ = {isa = PBXFileReference; fileEncoding = 4; lastKnownFileType = sourcecode.c.h; path = NCIPeriodSwitcherPanel.h; sourceTree = "<group>"; };
		2A02D0541844F1BF0065B0E9 /* NCIPeriodSwitcherPanel.m */ = {isa = PBXFileReference; fileEncoding = 4; lastKnownFileType = sourcecode.c.objc; path = NCIPeriodSwitcherPanel.m; sourceTree = "<group>"; };
		2A02D07A1844F2210065B0E9 /* NCIGraphController.h */ = {isa = PBXFileReference; fileEncoding = 4; lastKnownFileType = sourcecode.c.h; path = NCIGraphController.h; sourceTree = "<group>"; };
		2A02D07B1844F2210065B0E9 /* NCIGraphController.m */ = {isa = PBXFileReference; fileEncoding = 4; lastKnownFileType = sourcecode.c.objc; path = NCIGraphController.m; sourceTree = "<group>"; };
		2A02D07C1844F2210065B0E9 /* NCIWebSocketConnector.h */ = {isa = PBXFileReference; fileEncoding = 4; lastKnownFileType = sourcecode.c.h; path = NCIWebSocketConnector.h; sourceTree = "<group>"; };
		2A02D07D1844F2210065B0E9 /* NCIWebSocketConnector.m */ = {isa = PBXFileReference; fileEncoding = 4; lastKnownFileType = sourcecode.c.objc; path = NCIWebSocketConnector.m; sourceTree = "<group>"; };
		2A1B29A11925E111006CC710 /* NCIDetailsView.h */ = {isa = PBXFileReference; fileEncoding = 4; lastKnownFileType = sourcecode.c.h; path = NCIDetailsView.h; sourceTree = "<group>"; };
		2A1B29A21925E111006CC710 /* NCIDetailsView.m */ = {isa = PBXFileReference; fileEncoding = 4; lastKnownFileType = sourcecode.c.objc; path = NCIDetailsView.m; sourceTree = "<group>"; };
		2A3B81041941479800FC6824 /* NCIAxis.h */ = {isa = PBXFileReference; fileEncoding = 4; lastKnownFileType = sourcecode.c.h; path = NCIAxis.h; sourceTree = "<group>"; };
		2A3B81051941479800FC6824 /* NCIAxis.m */ = {isa = PBXFileReference; fileEncoding = 4; lastKnownFileType = sourcecode.c.objc; path = NCIAxis.m; sourceTree = "<group>"; };
		2A3B81061941479800FC6824 /* NCIBar.h */ = {isa = PBXFileReference; fileEncoding = 4; lastKnownFileType = sourcecode.c.h; path = NCIBar.h; sourceTree = "<group>"; };
		2A3B81071941479800FC6824 /* NCIBar.m */ = {isa = PBXFileReference; fileEncoding = 4; lastKnownFileType = sourcecode.c.objc; path = NCIBar.m; sourceTree = "<group>"; };
		2A3B81081941479800FC6824 /* NCIBarGraphView.h */ = {isa = PBXFileReference; fileEncoding = 4; lastKnownFileType = sourcecode.c.h; path = NCIBarGraphView.h; sourceTree = "<group>"; };
		2A3B81091941479800FC6824 /* NCIBarGraphView.m */ = {isa = PBXFileReference; fileEncoding = 4; lastKnownFileType = sourcecode.c.objc; path = NCIBarGraphView.m; sourceTree = "<group>"; };
		2A3B810A1941479800FC6824 /* NCIBarGridView.h */ = {isa = PBXFileReference; fileEncoding = 4; lastKnownFileType = sourcecode.c.h; path = NCIBarGridView.h; sourceTree = "<group>"; };
		2A3B810B1941479800FC6824 /* NCIBarGridView.m */ = {isa = PBXFileReference; fileEncoding = 4; lastKnownFileType = sourcecode.c.objc; path = NCIBarGridView.m; sourceTree = "<group>"; };
		2A3B810C1941479800FC6824 /* NCIBtmGraphView.h */ = {isa = PBXFileReference; fileEncoding = 4; lastKnownFileType = sourcecode.c.h; path = NCIBtmGraphView.h; sourceTree = "<group>"; };
		2A3B810D1941479800FC6824 /* NCIBtmGraphView.m */ = {isa = PBXFileReference; fileEncoding = 4; lastKnownFileType = sourcecode.c.objc; path = NCIBtmGraphView.m; sourceTree = "<group>"; };
		2A3B810E1941479800FC6824 /* NCIChartOptions.h */ = {isa = PBXFileReference; fileEncoding = 4; lastKnownFileType = sourcecode.c.h; path = NCIChartOptions.h; sourceTree = "<group>"; };
		2A3B810F1941479800FC6824 /* NCIChartOptions.m */ = {isa = PBXFileReference; fileEncoding = 4; lastKnownFileType = sourcecode.c.objc; path = NCIChartOptions.m; sourceTree = "<group>"; };
		2A3B81101941479800FC6824 /* NCIChartView.h */ = {isa = PBXFileReference; fileEncoding = 4; lastKnownFileType = sourcecode.c.h; path = NCIChartView.h; sourceTree = "<group>"; };
		2A3B81111941479800FC6824 /* NCIChartView.m */ = {isa = PBXFileReference; fileEncoding = 4; lastKnownFileType = sourcecode.c.objc; path = NCIChartView.m; sourceTree = "<group>"; };
		2A3B81121941479800FC6824 /* NCIHandspikeView.h */ = {isa = PBXFileReference; fileEncoding = 4; lastKnownFileType = sourcecode.c.h; path = NCIHandspikeView.h; sourceTree = "<group>"; };
		2A3B81131941479800FC6824 /* NCIHandspikeView.m */ = {isa = PBXFileReference; fileEncoding = 4; lastKnownFileType = sourcecode.c.objc; path = NCIHandspikeView.m; sourceTree = "<group>"; };
		2A3B81141941479800FC6824 /* NCILine.h */ = {isa = PBXFileReference; fileEncoding = 4; lastKnownFileType = sourcecode.c.h; path = NCILine.h; sourceTree = "<group>"; };
		2A3B81151941479800FC6824 /* NCILine.m */ = {isa = PBXFileReference; fileEncoding = 4; lastKnownFileType = sourcecode.c.objc; path = NCILine.m; sourceTree = "<group>"; };
		2A3B81161941479800FC6824 /* NCISimpleChartView.h */ = {isa = PBXFileReference; fileEncoding = 4; lastKnownFileType = sourcecode.c.h; path = NCISimpleChartView.h; sourceTree = "<group>"; };
		2A3B81171941479800FC6824 /* NCISimpleChartView.m */ = {isa = PBXFileReference; fileEncoding = 4; lastKnownFileType = sourcecode.c.objc; path = NCISimpleChartView.m; sourceTree = "<group>"; };
		2A3B81181941479800FC6824 /* NCISimpleGraphView.h */ = {isa = PBXFileReference; fileEncoding = 4; lastKnownFileType = sourcecode.c.h; path = NCISimpleGraphView.h; sourceTree = "<group>"; };
		2A3B81191941479800FC6824 /* NCISimpleGraphView.m */ = {isa = PBXFileReference; fileEncoding = 4; lastKnownFileType = sourcecode.c.objc; path = NCISimpleGraphView.m; sourceTree = "<group>"; };
		2A3B811A1941479800FC6824 /* NCISimpleGridView.h */ = {isa = PBXFileReference; fileEncoding = 4; lastKnownFileType = sourcecode.c.h; path = NCISimpleGridView.h; sourceTree = "<group>"; };
		2A3B811B1941479800FC6824 /* NCISimpleGridView.m */ = {isa = PBXFileReference; fileEncoding = 4; lastKnownFileType = sourcecode.c.objc; path = NCISimpleGridView.m; sourceTree = "<group>"; };
		2A3B811C1941479800FC6824 /* NCITopGraphView.h */ = {isa = PBXFileReference; fileEncoding = 4; lastKnownFileType = sourcecode.c.h; path = NCITopGraphView.h; sourceTree = "<group>"; };
		2A3B811D1941479800FC6824 /* NCITopGraphView.m */ = {isa = PBXFileReference; fileEncoding = 4; lastKnownFileType = sourcecode.c.objc; path = NCITopGraphView.m; sourceTree = "<group>"; };
		2A3B811E1941479800FC6824 /* NCIZoomGraphView.h */ = {isa = PBXFileReference; fileEncoding = 4; lastKnownFileType = sourcecode.c.h; path = NCIZoomGraphView.h; sourceTree = "<group>"; };
		2A3B811F1941479800FC6824 /* NCIZoomGraphView.m */ = {isa = PBXFileReference; fileEncoding = 4; lastKnownFileType = sourcecode.c.objc; path = NCIZoomGraphView.m; sourceTree = "<group>"; };
		2A3BBB0B18576EBF006ECC2B /* NCIConstants.h */ = {isa = PBXFileReference; fileEncoding = 4; lastKnownFileType = sourcecode.c.h; path = NCIConstants.h; sourceTree = "<group>"; };
		2A3BBB0C18576EBF006ECC2B /* NCIConstants.m */ = {isa = PBXFileReference; fileEncoding = 4; lastKnownFileType = sourcecode.c.objc; path = NCIConstants.m; sourceTree = "<group>"; };
		2A6DDE0618637A420013D202 /* libNCIChart.a */ = {isa = PBXFileReference; lastKnownFileType = archive.ar; name = libNCIChart.a; path = "NCIChart/build/Debug-iphoneos/libNCIChart.a"; sourceTree = "<group>"; };
		2A6DDE0A1864523B0013D202 /* libNCIChart.a */ = {isa = PBXFileReference; lastKnownFileType = archive.ar; name = libNCIChart.a; path = "NCIChart/build/Debug-iphoneos/libNCIChart.a"; sourceTree = "<group>"; };
		2A8630701944AA7000533BDF /* NCIHistagramDetailsView.h */ = {isa = PBXFileReference; fileEncoding = 4; lastKnownFileType = sourcecode.c.h; path = NCIHistagramDetailsView.h; sourceTree = "<group>"; };
		2A8630711944AA7000533BDF /* NCIHistagramDetailsView.m */ = {isa = PBXFileReference; fileEncoding = 4; lastKnownFileType = sourcecode.c.objc; path = NCIHistagramDetailsView.m; sourceTree = "<group>"; };
		2A90431C18E392AA008CEBB8 /* en */ = {isa = PBXFileReference; lastKnownFileType = text.plist.strings; name = en; path = en.lproj/Localizable.strings; sourceTree = "<group>"; };
		2A90431E18E392BA008CEBB8 /* ja */ = {isa = PBXFileReference; lastKnownFileType = text.plist.strings; name = ja; path = ja.lproj/Localizable.strings; sourceTree = "<group>"; };
		2AA6782719301BE500AD1C61 /* NCIEndpoint.h */ = {isa = PBXFileReference; fileEncoding = 4; lastKnownFileType = sourcecode.c.h; path = NCIEndpoint.h; sourceTree = "<group>"; };
		2AA6782819301BE500AD1C61 /* NCIEndpoint.m */ = {isa = PBXFileReference; fileEncoding = 4; lastKnownFileType = sourcecode.c.objc; path = NCIEndpoint.m; sourceTree = "<group>"; };
		2AC7FF9519266CA100EE5DC1 /* NCICollectorsDetailsView.h */ = {isa = PBXFileReference; fileEncoding = 4; lastKnownFileType = sourcecode.c.h; path = NCICollectorsDetailsView.h; sourceTree = "<group>"; };
		2AC7FF9619266CA100EE5DC1 /* NCICollectorsDetailsView.m */ = {isa = PBXFileReference; fileEncoding = 4; lastKnownFileType = sourcecode.c.objc; path = NCICollectorsDetailsView.m; sourceTree = "<group>"; };
		2AC7FF981926723B00EE5DC1 /* NCIDetails.h */ = {isa = PBXFileReference; fileEncoding = 4; lastKnownFileType = sourcecode.c.h; path = NCIDetails.h; sourceTree = "<group>"; };
		2AC7FF991926723B00EE5DC1 /* NCIDetails.m */ = {isa = PBXFileReference; fileEncoding = 4; lastKnownFileType = sourcecode.c.objc; path = NCIDetails.m; sourceTree = "<group>"; };
		2AC7FF9B1926B0F800EE5DC1 /* NCITabButton.h */ = {isa = PBXFileReference; fileEncoding = 4; lastKnownFileType = sourcecode.c.h; path = NCITabButton.h; sourceTree = "<group>"; };
		2AC7FF9C1926B0F800EE5DC1 /* NCITabButton.m */ = {isa = PBXFileReference; fileEncoding = 4; lastKnownFileType = sourcecode.c.objc; path = NCITabButton.m; sourceTree = "<group>"; };
		2AC7FFA71926BD5000EE5DC1 /* NCIFlowsView.h */ = {isa = PBXFileReference; fileEncoding = 4; lastKnownFileType = sourcecode.c.h; path = NCIFlowsView.h; sourceTree = "<group>"; };
		2AC7FFA81926BD5000EE5DC1 /* NCIFlowsView.m */ = {isa = PBXFileReference; fileEncoding = 4; lastKnownFileType = sourcecode.c.objc; path = NCIFlowsView.m; sourceTree = "<group>"; };
		2AC7FFAA1926BD6600EE5DC1 /* NCIAcitvitiesSizesView.h */ = {isa = PBXFileReference; fileEncoding = 4; lastKnownFileType = sourcecode.c.h; path = NCIAcitvitiesSizesView.h; sourceTree = "<group>"; };
		2AC7FFAB1926BD6600EE5DC1 /* NCIAcitvitiesSizesView.m */ = {isa = PBXFileReference; fileEncoding = 4; lastKnownFileType = sourcecode.c.objc; path = NCIAcitvitiesSizesView.m; sourceTree = "<group>"; };
		2AF134DE185E31E50087D685 /* UIColor+WithHex.h */ = {isa = PBXFileReference; fileEncoding = 4; lastKnownFileType = sourcecode.c.h; path = "UIColor+WithHex.h"; sourceTree = "<group>"; };
		2AF134DF185E31E50087D685 /* UIColor+WithHex.m */ = {isa = PBXFileReference; fileEncoding = 4; lastKnownFileType = sourcecode.c.objc; path = "UIColor+WithHex.m"; sourceTree = "<group>"; };
		873D91FA5DF341DBB1741EE2 /* Pods.xcconfig */ = {isa = PBXFileReference; includeInIndex = 1; lastKnownFileType = text.xcconfig; name = Pods.xcconfig; path = Pods/Pods.xcconfig; sourceTree = "<group>"; };
/* End PBXFileReference section */

/* Begin PBXFrameworksBuildPhase section */
		2A02D0001844F16B0065B0E9 /* Frameworks */ = {
			isa = PBXFrameworksBuildPhase;
			buildActionMask = 2147483647;
			files = (
				2A02D0091844F16C0065B0E9 /* CoreGraphics.framework in Frameworks */,
				2A02D00B1844F16C0065B0E9 /* UIKit.framework in Frameworks */,
				2A02D0071844F16C0065B0E9 /* Foundation.framework in Frameworks */,
				BF1E73678289457C8D232F84 /* libPods.a in Frameworks */,
			);
			runOnlyForDeploymentPostprocessing = 0;
		};
		2A02D01B1844F16C0065B0E9 /* Frameworks */ = {
			isa = PBXFrameworksBuildPhase;
			buildActionMask = 2147483647;
			files = (
				2A02D0201844F16C0065B0E9 /* XCTest.framework in Frameworks */,
				2A02D0221844F16C0065B0E9 /* UIKit.framework in Frameworks */,
				2A02D0211844F16C0065B0E9 /* Foundation.framework in Frameworks */,
			);
			runOnlyForDeploymentPostprocessing = 0;
		};
/* End PBXFrameworksBuildPhase section */

/* Begin PBXGroup section */
		2A02CFFA1844F16B0065B0E9 = {
			isa = PBXGroup;
			children = (
				2A02D00C1844F16C0065B0E9 /* Tapestry */,
				2A02D0251844F16C0065B0E9 /* TapestryTests */,
				2A02D0051844F16B0065B0E9 /* Frameworks */,
				2A02D0041844F16B0065B0E9 /* Products */,
				873D91FA5DF341DBB1741EE2 /* Pods.xcconfig */,
			);
			sourceTree = "<group>";
		};
		2A02D0041844F16B0065B0E9 /* Products */ = {
			isa = PBXGroup;
			children = (
				2A02D0031844F16B0065B0E9 /* Tapestry.app */,
				2A02D01E1844F16C0065B0E9 /* TapestryTests.xctest */,
			);
			name = Products;
			sourceTree = "<group>";
		};
		2A02D0051844F16B0065B0E9 /* Frameworks */ = {
			isa = PBXGroup;
			children = (
				2A6DDE0A1864523B0013D202 /* libNCIChart.a */,
				2A6DDE0618637A420013D202 /* libNCIChart.a */,
				2A02D0061844F16C0065B0E9 /* Foundation.framework */,
				2A02D0081844F16C0065B0E9 /* CoreGraphics.framework */,
				2A02D00A1844F16C0065B0E9 /* UIKit.framework */,
				2A02D01F1844F16C0065B0E9 /* XCTest.framework */,
				06D5AAF19A074DA0BABE9A8B /* libPods.a */,
			);
			name = Frameworks;
			sourceTree = "<group>";
		};
		2A02D00C1844F16C0065B0E9 /* Tapestry */ = {
			isa = PBXGroup;
			children = (
				2A3B81031941477200FC6824 /* views */,
				2A02D0481844F1BF0065B0E9 /* Views */,
				2A02D0151844F16C0065B0E9 /* NCIAppDelegate.h */,
				2A02D0161844F16C0065B0E9 /* NCIAppDelegate.m */,
				2A02D07A1844F2210065B0E9 /* NCIGraphController.h */,
				2A02D07B1844F2210065B0E9 /* NCIGraphController.m */,
				2A02D07C1844F2210065B0E9 /* NCIWebSocketConnector.h */,
				2A02D07D1844F2210065B0E9 /* NCIWebSocketConnector.m */,
				2A3BBB0B18576EBF006ECC2B /* NCIConstants.h */,
				2A3BBB0C18576EBF006ECC2B /* NCIConstants.m */,
				2A02D0181844F16C0065B0E9 /* Images.xcassets */,
				2A02D00D1844F16C0065B0E9 /* Supporting Files */,
				2AF134DE185E31E50087D685 /* UIColor+WithHex.h */,
				2AF134DF185E31E50087D685 /* UIColor+WithHex.m */,
			);
			path = Tapestry;
			sourceTree = "<group>";
		};
		2A02D00D1844F16C0065B0E9 /* Supporting Files */ = {
			isa = PBXGroup;
			children = (
				2A90431D18E392AA008CEBB8 /* Localizable.strings */,
				2A02D00E1844F16C0065B0E9 /* Tapestry-Info.plist */,
				2A02D00F1844F16C0065B0E9 /* InfoPlist.strings */,
				2A02D0121844F16C0065B0E9 /* main.m */,
				2A02D0141844F16C0065B0E9 /* Tapestry-Prefix.pch */,
			);
			name = "Supporting Files";
			sourceTree = "<group>";
		};
		2A02D0251844F16C0065B0E9 /* TapestryTests */ = {
			isa = PBXGroup;
			children = (
				2A02D02B1844F16C0065B0E9 /* TapestryTests.m */,
				2A02D0261844F16C0065B0E9 /* Supporting Files */,
			);
			path = TapestryTests;
			sourceTree = "<group>";
		};
		2A02D0261844F16C0065B0E9 /* Supporting Files */ = {
			isa = PBXGroup;
			children = (
				2A02D0271844F16C0065B0E9 /* TapestryTests-Info.plist */,
				2A02D0281844F16C0065B0E9 /* InfoPlist.strings */,
			);
			name = "Supporting Files";
			sourceTree = "<group>";
		};
		2A02D0481844F1BF0065B0E9 /* Views */ = {
			isa = PBXGroup;
			children = (
				2A02D0491844F1BF0065B0E9 /* NCIEditServerView.h */,
				2A02D04A1844F1BF0065B0E9 /* NCIEditServerView.m */,
				2A02D04B1844F1BF0065B0E9 /* NCIHelpView.h */,
				2A02D04C1844F1BF0065B0E9 /* NCIHelpView.m */,
				2A02D04D1844F1BF0065B0E9 /* NCIHintView.h */,
				2A02D04E1844F1BF0065B0E9 /* NCIHintView.m */,
				2A02D04F1844F1BF0065B0E9 /* NCIIndexValueView.h */,
				2A02D0501844F1BF0065B0E9 /* NCIIndexValueView.m */,
				2A02D0511844F1BF0065B0E9 /* NCIPeriodSwitcher.h */,
				2A02D0521844F1BF0065B0E9 /* NCIPeriodSwitcher.m */,
				2A02D0531844F1BF0065B0E9 /* NCIPeriodSwitcherPanel.h */,
				2A02D0541844F1BF0065B0E9 /* NCIPeriodSwitcherPanel.m */,
				2A1B29A11925E111006CC710 /* NCIDetailsView.h */,
				2A1B29A21925E111006CC710 /* NCIDetailsView.m */,
				2AC7FF9519266CA100EE5DC1 /* NCICollectorsDetailsView.h */,
				2AC7FF9619266CA100EE5DC1 /* NCICollectorsDetailsView.m */,
				2AC7FF981926723B00EE5DC1 /* NCIDetails.h */,
				2AC7FF991926723B00EE5DC1 /* NCIDetails.m */,
				2AC7FF9B1926B0F800EE5DC1 /* NCITabButton.h */,
				2AC7FF9C1926B0F800EE5DC1 /* NCITabButton.m */,
				2AC7FFA71926BD5000EE5DC1 /* NCIFlowsView.h */,
				2AC7FFA81926BD5000EE5DC1 /* NCIFlowsView.m */,
				2AC7FFAA1926BD6600EE5DC1 /* NCIAcitvitiesSizesView.h */,
				2AC7FFAB1926BD6600EE5DC1 /* NCIAcitvitiesSizesView.m */,
				2AA6782719301BE500AD1C61 /* NCIEndpoint.h */,
				2AA6782819301BE500AD1C61 /* NCIEndpoint.m */,
				2A8630701944AA7000533BDF /* NCIHistagramDetailsView.h */,
				2A8630711944AA7000533BDF /* NCIHistagramDetailsView.m */,
			);
			path = Views;
			sourceTree = "<group>";
		};
		2A3B81031941477200FC6824 /* views */ = {
			isa = PBXGroup;
			children = (
				2A3B81041941479800FC6824 /* NCIAxis.h */,
				2A3B81051941479800FC6824 /* NCIAxis.m */,
				2A3B81061941479800FC6824 /* NCIBar.h */,
				2A3B81071941479800FC6824 /* NCIBar.m */,
				2A3B81081941479800FC6824 /* NCIBarGraphView.h */,
				2A3B81091941479800FC6824 /* NCIBarGraphView.m */,
				2A3B810A1941479800FC6824 /* NCIBarGridView.h */,
				2A3B810B1941479800FC6824 /* NCIBarGridView.m */,
				2A3B810C1941479800FC6824 /* NCIBtmGraphView.h */,
				2A3B810D1941479800FC6824 /* NCIBtmGraphView.m */,
				2A3B810E1941479800FC6824 /* NCIChartOptions.h */,
				2A3B810F1941479800FC6824 /* NCIChartOptions.m */,
				2A3B81101941479800FC6824 /* NCIChartView.h */,
				2A3B81111941479800FC6824 /* NCIChartView.m */,
				2A3B81121941479800FC6824 /* NCIHandspikeView.h */,
				2A3B81131941479800FC6824 /* NCIHandspikeView.m */,
				2A3B81141941479800FC6824 /* NCILine.h */,
				2A3B81151941479800FC6824 /* NCILine.m */,
				2A3B81161941479800FC6824 /* NCISimpleChartView.h */,
				2A3B81171941479800FC6824 /* NCISimpleChartView.m */,
				2A3B81181941479800FC6824 /* NCISimpleGraphView.h */,
				2A3B81191941479800FC6824 /* NCISimpleGraphView.m */,
				2A3B811A1941479800FC6824 /* NCISimpleGridView.h */,
				2A3B811B1941479800FC6824 /* NCISimpleGridView.m */,
				2A3B811C1941479800FC6824 /* NCITopGraphView.h */,
				2A3B811D1941479800FC6824 /* NCITopGraphView.m */,
				2A3B811E1941479800FC6824 /* NCIZoomGraphView.h */,
				2A3B811F1941479800FC6824 /* NCIZoomGraphView.m */,
			);
			name = views;
			sourceTree = "<group>";
		};
/* End PBXGroup section */

/* Begin PBXNativeTarget section */
		2A02D0021844F16B0065B0E9 /* Tapestry */ = {
			isa = PBXNativeTarget;
			buildConfigurationList = 2A02D02F1844F16C0065B0E9 /* Build configuration list for PBXNativeTarget "Tapestry" */;
			buildPhases = (
				A839E5C7782441208A00D28A /* Check Pods Manifest.lock */,
				2A02CFFF1844F16B0065B0E9 /* Sources */,
				2A02D0001844F16B0065B0E9 /* Frameworks */,
				2A02D0011844F16B0065B0E9 /* Resources */,
				4A7669EC84AE48CFB9F88CC9 /* Copy Pods Resources */,
			);
			buildRules = (
			);
			dependencies = (
			);
			name = Tapestry;
			productName = Tapestry;
			productReference = 2A02D0031844F16B0065B0E9 /* Tapestry.app */;
			productType = "com.apple.product-type.application";
		};
		2A02D01D1844F16C0065B0E9 /* TapestryTests */ = {
			isa = PBXNativeTarget;
			buildConfigurationList = 2A02D0321844F16C0065B0E9 /* Build configuration list for PBXNativeTarget "TapestryTests" */;
			buildPhases = (
				2A02D01A1844F16C0065B0E9 /* Sources */,
				2A02D01B1844F16C0065B0E9 /* Frameworks */,
				2A02D01C1844F16C0065B0E9 /* Resources */,
			);
			buildRules = (
			);
			dependencies = (
				2A02D0241844F16C0065B0E9 /* PBXTargetDependency */,
			);
			name = TapestryTests;
			productName = TapestryTests;
			productReference = 2A02D01E1844F16C0065B0E9 /* TapestryTests.xctest */;
			productType = "com.apple.product-type.bundle.unit-test";
		};
/* End PBXNativeTarget section */

/* Begin PBXProject section */
		2A02CFFB1844F16B0065B0E9 /* Project object */ = {
			isa = PBXProject;
			attributes = {
				CLASSPREFIX = NCI;
				LastUpgradeCheck = 0500;
				ORGANIZATIONNAME = FlowForwarding.Org;
				TargetAttributes = {
					2A02D0021844F16B0065B0E9 = {
						DevelopmentTeam = 2KLYQL2BD3;
					};
					2A02D01D1844F16C0065B0E9 = {
						TestTargetID = 2A02D0021844F16B0065B0E9;
					};
				};
			};
			buildConfigurationList = 2A02CFFE1844F16B0065B0E9 /* Build configuration list for PBXProject "Tapestry" */;
			compatibilityVersion = "Xcode 3.2";
			developmentRegion = English;
			hasScannedForEncodings = 0;
			knownRegions = (
				en,
				ja,
			);
			mainGroup = 2A02CFFA1844F16B0065B0E9;
			productRefGroup = 2A02D0041844F16B0065B0E9 /* Products */;
			projectDirPath = "";
			projectRoot = "";
			targets = (
				2A02D0021844F16B0065B0E9 /* Tapestry */,
				2A02D01D1844F16C0065B0E9 /* TapestryTests */,
			);
		};
/* End PBXProject section */

/* Begin PBXResourcesBuildPhase section */
		2A02D0011844F16B0065B0E9 /* Resources */ = {
			isa = PBXResourcesBuildPhase;
			buildActionMask = 2147483647;
			files = (
				2A02D0111844F16C0065B0E9 /* InfoPlist.strings in Resources */,
				2A90431B18E392AA008CEBB8 /* Localizable.strings in Resources */,
				2A02D0191844F16C0065B0E9 /* Images.xcassets in Resources */,
			);
			runOnlyForDeploymentPostprocessing = 0;
		};
		2A02D01C1844F16C0065B0E9 /* Resources */ = {
			isa = PBXResourcesBuildPhase;
			buildActionMask = 2147483647;
			files = (
				2A02D02A1844F16C0065B0E9 /* InfoPlist.strings in Resources */,
			);
			runOnlyForDeploymentPostprocessing = 0;
		};
/* End PBXResourcesBuildPhase section */

/* Begin PBXShellScriptBuildPhase section */
		4A7669EC84AE48CFB9F88CC9 /* Copy Pods Resources */ = {
			isa = PBXShellScriptBuildPhase;
			buildActionMask = 2147483647;
			files = (
			);
			inputPaths = (
			);
			name = "Copy Pods Resources";
			outputPaths = (
			);
			runOnlyForDeploymentPostprocessing = 0;
			shellPath = /bin/sh;
			shellScript = "\"${SRCROOT}/Pods/Pods-resources.sh\"\n";
			showEnvVarsInLog = 0;
		};
		A839E5C7782441208A00D28A /* Check Pods Manifest.lock */ = {
			isa = PBXShellScriptBuildPhase;
			buildActionMask = 2147483647;
			files = (
			);
			inputPaths = (
			);
			name = "Check Pods Manifest.lock";
			outputPaths = (
			);
			runOnlyForDeploymentPostprocessing = 0;
			shellPath = /bin/sh;
			shellScript = "diff \"${PODS_ROOT}/../Podfile.lock\" \"${PODS_ROOT}/Manifest.lock\" > /dev/null\nif [[ $? != 0 ]] ; then\n    cat << EOM\nerror: The sandbox is not in sync with the Podfile.lock. Run 'pod install' or update your CocoaPods installation.\nEOM\n    exit 1\nfi\n";
			showEnvVarsInLog = 0;
		};
/* End PBXShellScriptBuildPhase section */

/* Begin PBXSourcesBuildPhase section */
		2A02CFFF1844F16B0065B0E9 /* Sources */ = {
			isa = PBXSourcesBuildPhase;
			buildActionMask = 2147483647;
			files = (
				2A3B81211941479800FC6824 /* NCIBar.m in Sources */,
				2AC7FF9719266CA100EE5DC1 /* NCICollectorsDetailsView.m in Sources */,
				2A02D07F1844F2210065B0E9 /* NCIWebSocketConnector.m in Sources */,
				2A02D07E1844F2210065B0E9 /* NCIGraphController.m in Sources */,
				2A3B81221941479800FC6824 /* NCIBarGraphView.m in Sources */,
				2A8630721944AA7000533BDF /* NCIHistagramDetailsView.m in Sources */,
				2A3B812D1941479800FC6824 /* NCIZoomGraphView.m in Sources */,
				2A02D0571844F1BF0065B0E9 /* NCIHintView.m in Sources */,
				2A3B812C1941479800FC6824 /* NCITopGraphView.m in Sources */,
				2A3B812A1941479800FC6824 /* NCISimpleGraphView.m in Sources */,
				2AF134E0185E31E50087D685 /* UIColor+WithHex.m in Sources */,
				2A3BBB0D18576EBF006ECC2B /* NCIConstants.m in Sources */,
				2AC7FF9D1926B0F800EE5DC1 /* NCITabButton.m in Sources */,
				2AC7FFA91926BD5000EE5DC1 /* NCIFlowsView.m in Sources */,
				2AC7FF9A1926723B00EE5DC1 /* NCIDetails.m in Sources */,
				2A3B812B1941479800FC6824 /* NCISimpleGridView.m in Sources */,
				2AA6782919301BE500AD1C61 /* NCIEndpoint.m in Sources */,
				2A02D0591844F1BF0065B0E9 /* NCIPeriodSwitcher.m in Sources */,
				2A02D05A1844F1BF0065B0E9 /* NCIPeriodSwitcherPanel.m in Sources */,
				2A1B29A31925E111006CC710 /* NCIDetailsView.m in Sources */,
				2A02D0561844F1BF0065B0E9 /* NCIHelpView.m in Sources */,
				2A3B81231941479800FC6824 /* NCIBarGridView.m in Sources */,
				2A3B81291941479800FC6824 /* NCISimpleChartView.m in Sources */,
				2A3B81251941479800FC6824 /* NCIChartOptions.m in Sources */,
				2A3B81281941479800FC6824 /* NCILine.m in Sources */,
				2AC7FFAC1926BD6600EE5DC1 /* NCIAcitvitiesSizesView.m in Sources */,
				2A02D0581844F1BF0065B0E9 /* NCIIndexValueView.m in Sources */,
				2A02D0131844F16C0065B0E9 /* main.m in Sources */,
				2A3B81271941479800FC6824 /* NCIHandspikeView.m in Sources */,
				2A02D0551844F1BF0065B0E9 /* NCIEditServerView.m in Sources */,
				2A3B81261941479800FC6824 /* NCIChartView.m in Sources */,
				2A02D0171844F16C0065B0E9 /* NCIAppDelegate.m in Sources */,
				2A3B81241941479800FC6824 /* NCIBtmGraphView.m in Sources */,
				2A3B81201941479800FC6824 /* NCIAxis.m in Sources */,
			);
			runOnlyForDeploymentPostprocessing = 0;
		};
		2A02D01A1844F16C0065B0E9 /* Sources */ = {
			isa = PBXSourcesBuildPhase;
			buildActionMask = 2147483647;
			files = (
				2A02D02C1844F16C0065B0E9 /* TapestryTests.m in Sources */,
			);
			runOnlyForDeploymentPostprocessing = 0;
		};
/* End PBXSourcesBuildPhase section */

/* Begin PBXTargetDependency section */
		2A02D0241844F16C0065B0E9 /* PBXTargetDependency */ = {
			isa = PBXTargetDependency;
			target = 2A02D0021844F16B0065B0E9 /* Tapestry */;
			targetProxy = 2A02D0231844F16C0065B0E9 /* PBXContainerItemProxy */;
		};
/* End PBXTargetDependency section */

/* Begin PBXVariantGroup section */
		2A02D00F1844F16C0065B0E9 /* InfoPlist.strings */ = {
			isa = PBXVariantGroup;
			children = (
				2A02D0101844F16C0065B0E9 /* en */,
			);
			name = InfoPlist.strings;
			sourceTree = "<group>";
		};
		2A02D0281844F16C0065B0E9 /* InfoPlist.strings */ = {
			isa = PBXVariantGroup;
			children = (
				2A02D0291844F16C0065B0E9 /* en */,
			);
			name = InfoPlist.strings;
			sourceTree = "<group>";
		};
		2A90431D18E392AA008CEBB8 /* Localizable.strings */ = {
			isa = PBXVariantGroup;
			children = (
				2A90431C18E392AA008CEBB8 /* en */,
				2A90431E18E392BA008CEBB8 /* ja */,
			);
			name = Localizable.strings;
			path = ..;
			sourceTree = "<group>";
		};
/* End PBXVariantGroup section */

/* Begin XCBuildConfiguration section */
		2A02D02D1844F16C0065B0E9 /* Debug */ = {
			isa = XCBuildConfiguration;
			buildSettings = {
				ALWAYS_SEARCH_USER_PATHS = NO;
				ARCHS = "$(ARCHS_STANDARD_INCLUDING_64_BIT)";
				CLANG_CXX_LANGUAGE_STANDARD = "gnu++0x";
				CLANG_CXX_LIBRARY = "libc++";
				CLANG_ENABLE_MODULES = YES;
				CLANG_ENABLE_OBJC_ARC = YES;
				CLANG_WARN_BOOL_CONVERSION = YES;
				CLANG_WARN_CONSTANT_CONVERSION = YES;
				CLANG_WARN_DIRECT_OBJC_ISA_USAGE = YES_ERROR;
				CLANG_WARN_EMPTY_BODY = YES;
				CLANG_WARN_ENUM_CONVERSION = YES;
				CLANG_WARN_INT_CONVERSION = YES;
				CLANG_WARN_OBJC_ROOT_CLASS = YES_ERROR;
				CLANG_WARN__DUPLICATE_METHOD_MATCH = YES;
				CODE_SIGN_IDENTITY = "iPhone Developer: Ira D (TFH376NPXK)";
				"CODE_SIGN_IDENTITY[sdk=iphoneos*]" = "iPhone Developer";
				COPY_PHASE_STRIP = NO;
				GCC_C_LANGUAGE_STANDARD = gnu99;
				GCC_DYNAMIC_NO_PIC = NO;
				GCC_OPTIMIZATION_LEVEL = 0;
				GCC_PREPROCESSOR_DEFINITIONS = (
					"DEBUG=1",
					"$(inherited)",
				);
				GCC_SYMBOLS_PRIVATE_EXTERN = NO;
				GCC_WARN_64_TO_32_BIT_CONVERSION = YES;
				GCC_WARN_ABOUT_RETURN_TYPE = YES_ERROR;
				GCC_WARN_UNDECLARED_SELECTOR = YES;
				GCC_WARN_UNINITIALIZED_AUTOS = YES;
				GCC_WARN_UNUSED_FUNCTION = YES;
				GCC_WARN_UNUSED_VARIABLE = YES;
				HEADER_SEARCH_PATHS = (
					"$(inherited)",
					/Applications/Xcode.app/Contents/Developer/Toolchains/OSX10.8.xctoolchain/usr/include,
				);
				IPHONEOS_DEPLOYMENT_TARGET = 6.0;
				ONLY_ACTIVE_ARCH = YES;
				SDKROOT = iphoneos;
				TARGETED_DEVICE_FAMILY = 2;
			};
			name = Debug;
		};
		2A02D02E1844F16C0065B0E9 /* Release */ = {
			isa = XCBuildConfiguration;
			buildSettings = {
				ALWAYS_SEARCH_USER_PATHS = NO;
				ARCHS = "$(ARCHS_STANDARD_INCLUDING_64_BIT)";
				CLANG_CXX_LANGUAGE_STANDARD = "gnu++0x";
				CLANG_CXX_LIBRARY = "libc++";
				CLANG_ENABLE_MODULES = YES;
				CLANG_ENABLE_OBJC_ARC = YES;
				CLANG_WARN_BOOL_CONVERSION = YES;
				CLANG_WARN_CONSTANT_CONVERSION = YES;
				CLANG_WARN_DIRECT_OBJC_ISA_USAGE = YES_ERROR;
				CLANG_WARN_EMPTY_BODY = YES;
				CLANG_WARN_ENUM_CONVERSION = YES;
				CLANG_WARN_INT_CONVERSION = YES;
				CLANG_WARN_OBJC_ROOT_CLASS = YES_ERROR;
				CLANG_WARN__DUPLICATE_METHOD_MATCH = YES;
				CODE_SIGN_IDENTITY = "iPhone Developer: Ira D (TFH376NPXK)";
				"CODE_SIGN_IDENTITY[sdk=iphoneos*]" = "iPhone Developer";
				COPY_PHASE_STRIP = YES;
				ENABLE_NS_ASSERTIONS = NO;
				GCC_C_LANGUAGE_STANDARD = gnu99;
				GCC_WARN_64_TO_32_BIT_CONVERSION = YES;
				GCC_WARN_ABOUT_RETURN_TYPE = YES_ERROR;
				GCC_WARN_UNDECLARED_SELECTOR = YES;
				GCC_WARN_UNINITIALIZED_AUTOS = YES;
				GCC_WARN_UNUSED_FUNCTION = YES;
				GCC_WARN_UNUSED_VARIABLE = YES;
				HEADER_SEARCH_PATHS = (
					"$(inherited)",
					/Applications/Xcode.app/Contents/Developer/Toolchains/OSX10.8.xctoolchain/usr/include,
				);
				IPHONEOS_DEPLOYMENT_TARGET = 6.0;
				SDKROOT = iphoneos;
				TARGETED_DEVICE_FAMILY = 2;
				VALIDATE_PRODUCT = YES;
			};
			name = Release;
		};
		2A02D0301844F16C0065B0E9 /* Debug */ = {
			isa = XCBuildConfiguration;
			baseConfigurationReference = 873D91FA5DF341DBB1741EE2 /* Pods.xcconfig */;
			buildSettings = {
				ASSETCATALOG_COMPILER_APPICON_NAME = AppIcon;
				ASSETCATALOG_COMPILER_LAUNCHIMAGE_NAME = LaunchImage;
				CODE_SIGN_IDENTITY = "iPhone Developer";
				"CODE_SIGN_IDENTITY[sdk=iphoneos*]" = "iPhone Developer";
				GCC_PRECOMPILE_PREFIX_HEADER = YES;
				GCC_PREFIX_HEADER = "Tapestry/Tapestry-Prefix.pch";
				HEADER_SEARCH_PATHS = (
					"\"${PODS_ROOT}/Headers\"",
					"\"${PODS_ROOT}/Headers/SocketRocket\"",
					"\"${SRCROOT}/NCIChart/NCIChart/views\"",
				);
				INFOPLIST_FILE = "Tapestry/Tapestry-Info.plist";
				IPHONEOS_DEPLOYMENT_TARGET = 6.0;
				PRODUCT_NAME = "$(TARGET_NAME)";
				PROVISIONING_PROFILE = "";
				TARGETED_DEVICE_FAMILY = 2;
				WRAPPER_EXTENSION = app;
			};
			name = Debug;
		};
		2A02D0311844F16C0065B0E9 /* Release */ = {
			isa = XCBuildConfiguration;
			baseConfigurationReference = 873D91FA5DF341DBB1741EE2 /* Pods.xcconfig */;
			buildSettings = {
				ASSETCATALOG_COMPILER_APPICON_NAME = AppIcon;
				ASSETCATALOG_COMPILER_LAUNCHIMAGE_NAME = LaunchImage;
				CODE_SIGN_IDENTITY = "iPhone Developer";
				"CODE_SIGN_IDENTITY[sdk=iphoneos*]" = "iPhone Developer";
				GCC_PRECOMPILE_PREFIX_HEADER = YES;
				GCC_PREFIX_HEADER = "Tapestry/Tapestry-Prefix.pch";
				HEADER_SEARCH_PATHS = (
					"\"${PODS_ROOT}/Headers\"",
					"\"${PODS_ROOT}/Headers/SocketRocket\"",
					"\"${SRCROOT}/NCIChart/NCIChart/views\"",
				);
				INFOPLIST_FILE = "Tapestry/Tapestry-Info.plist";
				IPHONEOS_DEPLOYMENT_TARGET = 6.0;
				PRODUCT_NAME = "$(TARGET_NAME)";
				PROVISIONING_PROFILE = "";
				TARGETED_DEVICE_FAMILY = 2;
				WRAPPER_EXTENSION = app;
			};
			name = Release;
		};
		2A02D0331844F16C0065B0E9 /* Debug */ = {
			isa = XCBuildConfiguration;
			buildSettings = {
				ARCHS = "$(ARCHS_STANDARD_INCLUDING_64_BIT)";
				BUNDLE_LOADER = "$(BUILT_PRODUCTS_DIR)/Tapestry.app/Tapestry";
				FRAMEWORK_SEARCH_PATHS = (
					"$(SDKROOT)/Developer/Library/Frameworks",
					"$(inherited)",
					"$(DEVELOPER_FRAMEWORKS_DIR)",
				);
				GCC_PRECOMPILE_PREFIX_HEADER = YES;
				GCC_PREFIX_HEADER = "Tapestry/Tapestry-Prefix.pch";
				GCC_PREPROCESSOR_DEFINITIONS = (
					"DEBUG=1",
					"$(inherited)",
				);
				INFOPLIST_FILE = "TapestryTests/TapestryTests-Info.plist";
				PRODUCT_NAME = "$(TARGET_NAME)";
				TEST_HOST = "$(BUNDLE_LOADER)";
				WRAPPER_EXTENSION = xctest;
			};
			name = Debug;
		};
		2A02D0341844F16C0065B0E9 /* Release */ = {
			isa = XCBuildConfiguration;
			buildSettings = {
				ARCHS = "$(ARCHS_STANDARD_INCLUDING_64_BIT)";
				BUNDLE_LOADER = "$(BUILT_PRODUCTS_DIR)/Tapestry.app/Tapestry";
				FRAMEWORK_SEARCH_PATHS = (
					"$(SDKROOT)/Developer/Library/Frameworks",
					"$(inherited)",
					"$(DEVELOPER_FRAMEWORKS_DIR)",
				);
				GCC_PRECOMPILE_PREFIX_HEADER = YES;
				GCC_PREFIX_HEADER = "Tapestry/Tapestry-Prefix.pch";
				INFOPLIST_FILE = "TapestryTests/TapestryTests-Info.plist";
				PRODUCT_NAME = "$(TARGET_NAME)";
				TEST_HOST = "$(BUNDLE_LOADER)";
				WRAPPER_EXTENSION = xctest;
			};
			name = Release;
		};
/* End XCBuildConfiguration section */

/* Begin XCConfigurationList section */
		2A02CFFE1844F16B0065B0E9 /* Build configuration list for PBXProject "Tapestry" */ = {
			isa = XCConfigurationList;
			buildConfigurations = (
				2A02D02D1844F16C0065B0E9 /* Debug */,
				2A02D02E1844F16C0065B0E9 /* Release */,
			);
			defaultConfigurationIsVisible = 0;
			defaultConfigurationName = Release;
		};
		2A02D02F1844F16C0065B0E9 /* Build configuration list for PBXNativeTarget "Tapestry" */ = {
			isa = XCConfigurationList;
			buildConfigurations = (
				2A02D0301844F16C0065B0E9 /* Debug */,
				2A02D0311844F16C0065B0E9 /* Release */,
			);
			defaultConfigurationIsVisible = 0;
			defaultConfigurationName = Release;
		};
		2A02D0321844F16C0065B0E9 /* Build configuration list for PBXNativeTarget "TapestryTests" */ = {
			isa = XCConfigurationList;
			buildConfigurations = (
				2A02D0331844F16C0065B0E9 /* Debug */,
				2A02D0341844F16C0065B0E9 /* Release */,
			);
			defaultConfigurationIsVisible = 0;
			defaultConfigurationName = Release;
		};
/* End XCConfigurationList section */
	};
	rootObject = 2A02CFFB1844F16B0065B0E9 /* Project object */;
}
